// !$*UTF8*$!
{
	archiveVersion = 1;
	classes = {
	};
	objectVersion = 54;
	objects = {

/* Begin PBXBuildFile section */
		44A4D01D4D5DEEF19A7051B5 /* HapticContext.m in Sources */ = {isa = PBXBuildFile; fileRef = 44A4DE669F9BFCED0AFDF8E2 /* HapticContext.m */; };
		44A4D064AE6FE05861A78C1D /* SKProduct.swift in Sources */ = {isa = PBXBuildFile; fileRef = 44A4D857B518E3369F31987F /* SKProduct.swift */; };
		44A4D07E127721BBFE3C3EA5 /* WebViewControllerBridge.swift in Sources */ = {isa = PBXBuildFile; fileRef = 44A4D67F8889E455A547CB96 /* WebViewControllerBridge.swift */; };
		44A4D0A3CE6A87FDF1D65172 /* AppAssembler.swift in Sources */ = {isa = PBXBuildFile; fileRef = 44A4D73AE358DE68EA5B6076 /* AppAssembler.swift */; };
		44A4D0C5655A3AAE90D26CC5 /* Alerter.swift in Sources */ = {isa = PBXBuildFile; fileRef = 44A4DF967486C5BEC663A336 /* Alerter.swift */; };
		44A4D0FBB22CC22B053573C3 /* UIView.swift in Sources */ = {isa = PBXBuildFile; fileRef = 44A4D8A659024EF865AEB5D4 /* UIView.swift */; };
		44A4D13A82DE5B9006FED3DC /* Navigator.swift in Sources */ = {isa = PBXBuildFile; fileRef = 44A4D58266EE8EF012AEA979 /* Navigator.swift */; };
		44A4D1A9A30B84DCDD3F66C7 /* Scripts.swift in Sources */ = {isa = PBXBuildFile; fileRef = 44A4D24369D3C549C04BC958 /* Scripts.swift */; };
		44A4D1D59DDAD23076FBC44B /* GoogleService-Info-reKairos.plist in Resources */ = {isa = PBXBuildFile; fileRef = 44A4D1A2C8A3EF9148C0BE76 /* GoogleService-Info-reKairos.plist */; };
		44A4D20C0B0DF5819CE21F17 /* CloudyController.swift in Sources */ = {isa = PBXBuildFile; fileRef = 44A4DA6DC6F7876B0D6B7A64 /* CloudyController.swift */; };
		44A4D20D7053909BC6C118C5 /* OscExtension.swift in Sources */ = {isa = PBXBuildFile; fileRef = 44A4D8D08D2232FAD634A19D /* OscExtension.swift */; };
		44A4D2CF12CE366D45C77A41 /* FirebaseConfig.swift in Sources */ = {isa = PBXBuildFile; fileRef = 44A4D03A00E966FBE1BAF470 /* FirebaseConfig.swift */; };
		44A4D313CD82BF86B7841B19 /* Collection.swift in Sources */ = {isa = PBXBuildFile; fileRef = 44A4DDFB3BA2FE8AEE10DEA9 /* Collection.swift */; };
		44A4D33D3D8EA79B376D4C77 /* IAPPurchaseHelper.swift in Sources */ = {isa = PBXBuildFile; fileRef = 44A4DB7F7D4AED8CC81E1C14 /* IAPPurchaseHelper.swift */; };
		44A4D3B8AE0372A4C71E32EC /* TemporarySettings.swift in Sources */ = {isa = PBXBuildFile; fileRef = 44A4DF345C0AE58872E1CC3A /* TemporarySettings.swift */; };
		44A4D3F06DDE2512581F1F75 /* OnScreenControls.m in Sources */ = {isa = PBXBuildFile; fileRef = 44A4DD9C29CE255AE826C5D7 /* OnScreenControls.m */; };
		44A4D41AB05B2D2C0F2291BF /* AlerterAssembler.swift in Sources */ = {isa = PBXBuildFile; fileRef = 44A4D205B37B185DCA7E5DBD /* AlerterAssembler.swift */; };
		44A4D42E63964FEAD11402C9 /* ControllerId.swift in Sources */ = {isa = PBXBuildFile; fileRef = 44A4D355F9FC2B0B0407D925 /* ControllerId.swift */; };
		44A4D45CF453A1C25C8E4D58 /* VisibleButtons.swift in Sources */ = {isa = PBXBuildFile; fileRef = 44A4DA0D88D1730154B97A8A /* VisibleButtons.swift */; };
		44A4D462F6B9BB3200645FEF /* TouchFeedbackType.swift in Sources */ = {isa = PBXBuildFile; fileRef = 44A4D251D0510B4A29CC74F0 /* TouchFeedbackType.swift */; };
		44A4D4CD5F66196CB7AD5CB0 /* AppDelegate.swift in Sources */ = {isa = PBXBuildFile; fileRef = 44A4D965A769BDED09733089 /* AppDelegate.swift */; };
		44A4D4F6D78AD1E97436E1BF /* X1Kit.swift in Sources */ = {isa = PBXBuildFile; fileRef = 44A4D8ADC2F1AF9D8EE953E2 /* X1Kit.swift */; };
		44A4D53606BEC6E6AB0E3690 /* FortniteButtonType.swift in Sources */ = {isa = PBXBuildFile; fileRef = 44A4D222C2946D5D98EEA012 /* FortniteButtonType.swift */; };
		44A4D538B2EFCF7F087123F8 /* GoogleService-Info.plist in Resources */ = {isa = PBXBuildFile; fileRef = 44A4DE6EB9C1A8F63D2C1E49 /* GoogleService-Info.plist */; };
		44A4D56785DE2ACC82B37F52 /* Log.swift in Sources */ = {isa = PBXBuildFile; fileRef = 44A4D1A39583BB7F49ABD541 /* Log.swift */; };
		44A4D667E367AB98368C36BC /* Bundle.swift in Sources */ = {isa = PBXBuildFile; fileRef = 44A4D80ED7881A56C23C0BBD /* Bundle.swift */; };
		44A4D67D7C43E9E24539DAA1 /* Limelight.m in Sources */ = {isa = PBXBuildFile; fileRef = 44A4DF3D3079ADE1DDD381ED /* Limelight.m */; };
		44A4D6BF0996C20E4E183AFA /* AlphaTestingCALayer.swift in Sources */ = {isa = PBXBuildFile; fileRef = 44A4DCA1AA422D8737EDD5DC /* AlphaTestingCALayer.swift */; };
		44A4D78B8F260ECEBBB39B4C /* FullScreenWKWebView.swift in Sources */ = {isa = PBXBuildFile; fileRef = 44A4D600D66AF81438FD332D /* FullScreenWKWebView.swift */; };
		44A4D7DCB15B8C4799D56BCA /* String.swift in Sources */ = {isa = PBXBuildFile; fileRef = 44A4D0057BF82C52A8F76A38 /* String.swift */; };
		44A4D81D6A823FB908BCE224 /* AVFoundationVibratingFeedbackGenerator.swift in Sources */ = {isa = PBXBuildFile; fileRef = 44A4D01AC2645E64C1EB9CF9 /* AVFoundationVibratingFeedbackGenerator.swift */; };
		44A4D8885DB5BE5C73C9FB87 /* UserDefaults.swift in Sources */ = {isa = PBXBuildFile; fileRef = 44A4D3A1BA3A8B2AB96CB81B /* UserDefaults.swift */; };
		44A4D9714275A5108D329492 /* RelativeTouchHandler.m in Sources */ = {isa = PBXBuildFile; fileRef = 44A4DDA6CB7D08DFDA35E5D3 /* RelativeTouchHandler.m */; };
		44A4D9B9C9363AC8D381F05F /* LaunchArgumentHandler.swift in Sources */ = {isa = PBXBuildFile; fileRef = 44A4D9AA937FF7595CC480CE /* LaunchArgumentHandler.swift */; };
		44A4D9D5DEAE1473D30142B0 /* IAPAssembler.swift in Sources */ = {isa = PBXBuildFile; fileRef = 44A4DF70B84D5FD2DF3E9D34 /* IAPAssembler.swift */; };
		44A4DA475572FF7971B7720C /* Controller.m in Sources */ = {isa = PBXBuildFile; fileRef = 44A4DD07C98AB403DD907C8D /* Controller.m */; };
		44A4DAB1661E942AC658F439 /* AbsoluteTouchHandler.m in Sources */ = {isa = PBXBuildFile; fileRef = 44A4DDB8D66361B6321877D4 /* AbsoluteTouchHandler.m */; };
		44A4DAC8968032FDEFCB17F4 /* OscAssembler.swift in Sources */ = {isa = PBXBuildFile; fileRef = 44A4DFE6F4FDD51E58D517B4 /* OscAssembler.swift */; };
		44A4DB5EF1F09B9D531A5704 /* WKUserScript.swift in Sources */ = {isa = PBXBuildFile; fileRef = 44A4DFB90BD884CB5041E57D /* WKUserScript.swift */; };
		44A4DB830BC41F131E122F7C /* GameController.swift in Sources */ = {isa = PBXBuildFile; fileRef = 44A4D999AA39891699C55D00 /* GameController.swift */; };
		44A4DC86DF1DDD05E6FC802A /* MenuViewController.swift in Sources */ = {isa = PBXBuildFile; fileRef = 44A4D58736385FBD2B75856B /* MenuViewController.swift */; };
		44A4DCA503A87B314B8CB75A /* ButtonOptionSet.swift in Sources */ = {isa = PBXBuildFile; fileRef = 44A4D9F318B9593A6DD6F951 /* ButtonOptionSet.swift */; };
		44A4DD2F10965A88D83F5C0D /* SceneDelegate.swift in Sources */ = {isa = PBXBuildFile; fileRef = 44A4DBCCBA86600B436045E4 /* SceneDelegate.swift */; };
		44A4DD866C360012F8F7EB37 /* StreamConfiguration.m in Sources */ = {isa = PBXBuildFile; fileRef = 44A4D0C944031C3F9E85F0BE /* StreamConfiguration.m */; };
		44A4DD8DCEB85B9CB7C3D475 /* ControllerSupport.m in Sources */ = {isa = PBXBuildFile; fileRef = 44A4D84AA80462713E1C2E0D /* ControllerSupport.m */; };
		44A4DE59FACBFBB7E4BD004D /* StreamView.m in Sources */ = {isa = PBXBuildFile; fileRef = 44A4DAD3D027D9F76C3CEEF6 /* StreamView.m */; };
		44A4DED2C6C4D9C412848C50 /* KeyboardSupport.m in Sources */ = {isa = PBXBuildFile; fileRef = 44A4D79906D5F591C2BF5F8D /* KeyboardSupport.m */; };
		44A4DF24B14D4379ED99E351 /* Float.swift in Sources */ = {isa = PBXBuildFile; fileRef = 44A4DC3B80142D290BBCE80C /* Float.swift */; };
		44A4DFD94292E1FAA625AFA6 /* IAPManager.swift in Sources */ = {isa = PBXBuildFile; fileRef = 44A4D15FC7FB3F6347B248D4 /* IAPManager.swift */; };
		51894F6925EE1A2F0054EAD8 /* Rotate.png in Resources */ = {isa = PBXBuildFile; fileRef = 51894F6825EE1A2E0054EAD8 /* Rotate.png */; };
		5CDDBA53FB1B62159C8668EF /* Pods_Cloudy.framework in Frameworks */ = {isa = PBXBuildFile; fileRef = 1BF8562B1619F13A7254171F /* Pods_Cloudy.framework */; };
		E712FF9825520978003CF78C /* Images.xcassets in Resources */ = {isa = PBXBuildFile; fileRef = E712FF9725520978003CF78C /* Images.xcassets */; };
		E71AF2EB25E2DF1900F76E5B /* FortniteHUDPositionKeys.swift in Sources */ = {isa = PBXBuildFile; fileRef = E71AF2EA25E2DF1900F76E5B /* FortniteHUDPositionKeys.swift */; };
		E74CE8D225D5B0D900EF14C2 /* LaunchScreen.storyboard in Resources */ = {isa = PBXBuildFile; fileRef = E74CE8D125D5B0D900EF14C2 /* LaunchScreen.storyboard */; };
		E74CE8D625D5B0F300EF14C2 /* LaunchScreenReKairos.storyboard in Resources */ = {isa = PBXBuildFile; fileRef = E74CE8D525D5B0F200EF14C2 /* LaunchScreenReKairos.storyboard */; };
		E74CE93825D5DD6400EF14C2 /* FortniteHUD.swift in Sources */ = {isa = PBXBuildFile; fileRef = E74CE90225D5DD6300EF14C2 /* FortniteHUD.swift */; };
		E74CE93925D5DD6400EF14C2 /* FortniteHUDCustomization.swift in Sources */ = {isa = PBXBuildFile; fileRef = E74CE90325D5DD6300EF14C2 /* FortniteHUDCustomization.swift */; };
		E74CE93A25D5DD6400EF14C2 /* HUDBackground.jpg in Resources */ = {isa = PBXBuildFile; fileRef = E74CE90625D5DD6300EF14C2 /* HUDBackground.jpg */; };
		E74CE93B25D5DD6400EF14C2 /* Floor Selected.png in Resources */ = {isa = PBXBuildFile; fileRef = E74CE90825D5DD6300EF14C2 /* Floor Selected.png */; };
		E74CE93C25D5DD6400EF14C2 /* Quick Heal.png in Resources */ = {isa = PBXBuildFile; fileRef = E74CE90925D5DD6300EF14C2 /* Quick Heal.png */; };
		E74CE93E25D5DD6400EF14C2 /* Mic Unmuted.png in Resources */ = {isa = PBXBuildFile; fileRef = E74CE90B25D5DD6300EF14C2 /* Mic Unmuted.png */; };
		E74CE93F25D5DD6400EF14C2 /* Wall Selected.png in Resources */ = {isa = PBXBuildFile; fileRef = E74CE90C25D5DD6300EF14C2 /* Wall Selected.png */; };
		E74CE94025D5DD6400EF14C2 /* Jump.png in Resources */ = {isa = PBXBuildFile; fileRef = E74CE90D25D5DD6300EF14C2 /* Jump.png */; };
		E74CE94125D5DD6400EF14C2 /* Crouch Up.png in Resources */ = {isa = PBXBuildFile; fileRef = E74CE90E25D5DD6300EF14C2 /* Crouch Up.png */; };
		E74CE94225D5DD6400EF14C2 /* Edit Crosshair.png in Resources */ = {isa = PBXBuildFile; fileRef = E74CE90F25D5DD6300EF14C2 /* Edit Crosshair.png */; };
		E74CE94325D5DD6400EF14C2 /* Inventory.png in Resources */ = {isa = PBXBuildFile; fileRef = E74CE91025D5DD6300EF14C2 /* Inventory.png */; };
		E74CE94425D5DD6400EF14C2 /* Edit Reset.png in Resources */ = {isa = PBXBuildFile; fileRef = E74CE91125D5DD6300EF14C2 /* Edit Reset.png */; };
		E74CE94525D5DD6400EF14C2 /* Switch To Build.png in Resources */ = {isa = PBXBuildFile; fileRef = E74CE91225D5DD6300EF14C2 /* Switch To Build.png */; };
		E74CE94625D5DD6400EF14C2 /* Change Materials.png in Resources */ = {isa = PBXBuildFile; fileRef = E74CE91325D5DD6300EF14C2 /* Change Materials.png */; };
		E74CE94725D5DD6400EF14C2 /* Move Joystick.png in Resources */ = {isa = PBXBuildFile; fileRef = E74CE91425D5DD6300EF14C2 /* Move Joystick.png */; };
		E74CE94825D5DD6400EF14C2 /* Wall Unselected.png in Resources */ = {isa = PBXBuildFile; fileRef = E74CE91525D5DD6300EF14C2 /* Wall Unselected.png */; };
		E74CE94925D5DD6400EF14C2 /* Throw.png in Resources */ = {isa = PBXBuildFile; fileRef = E74CE91625D5DD6300EF14C2 /* Throw.png */; };
		E74CE94A25D5DD6400EF14C2 /* Pyramid Selected.png in Resources */ = {isa = PBXBuildFile; fileRef = E74CE91725D5DD6300EF14C2 /* Pyramid Selected.png */; };
		E74CE94B25D5DD6400EF14C2 /* Stair Unselected.png in Resources */ = {isa = PBXBuildFile; fileRef = E74CE91825D5DD6300EF14C2 /* Stair Unselected.png */; };
		E74CE94C25D5DD6400EF14C2 /* Stair Selected.png in Resources */ = {isa = PBXBuildFile; fileRef = E74CE91925D5DD6300EF14C2 /* Stair Selected.png */; };
		E74CE94D25D5DD6400EF14C2 /* Move Outer.png in Resources */ = {isa = PBXBuildFile; fileRef = E74CE91A25D5DD6300EF14C2 /* Move Outer.png */; };
		E74CE94E25D5DD6400EF14C2 /* Reset.png in Resources */ = {isa = PBXBuildFile; fileRef = E74CE91B25D5DD6300EF14C2 /* Reset.png */; };
		E74CE94F25D5DD6400EF14C2 /* Emote Wheel.png in Resources */ = {isa = PBXBuildFile; fileRef = E74CE91C25D5DD6300EF14C2 /* Emote Wheel.png */; };
		E74CE95025D5DD6400EF14C2 /* Use.png in Resources */ = {isa = PBXBuildFile; fileRef = E74CE91D25D5DD6300EF14C2 /* Use.png */; };
		E74CE95225D5DD6400EF14C2 /* Crouch Down.png in Resources */ = {isa = PBXBuildFile; fileRef = E74CE91F25D5DD6300EF14C2 /* Crouch Down.png */; };
		E74CE95325D5DD6400EF14C2 /* Switch To Combat.png in Resources */ = {isa = PBXBuildFile; fileRef = E74CE92025D5DD6300EF14C2 /* Switch To Combat.png */; };
		E74CE95425D5DD6400EF14C2 /* Quick Chat.png in Resources */ = {isa = PBXBuildFile; fileRef = E74CE92125D5DD6300EF14C2 /* Quick Chat.png */; };
		E74CE95525D5DD6400EF14C2 /* Slot 4.png in Resources */ = {isa = PBXBuildFile; fileRef = E74CE92225D5DD6300EF14C2 /* Slot 4.png */; };
		E74CE95625D5DD6400EF14C2 /* Confirm.png in Resources */ = {isa = PBXBuildFile; fileRef = E74CE92325D5DD6300EF14C2 /* Confirm.png */; };
		E74CE95725D5DD6400EF14C2 /* Slot 3.png in Resources */ = {isa = PBXBuildFile; fileRef = E74CE92425D5DD6300EF14C2 /* Slot 3.png */; };
		E74CE95825D5DD6400EF14C2 /* Ping.png in Resources */ = {isa = PBXBuildFile; fileRef = E74CE92525D5DD6300EF14C2 /* Ping.png */; };
		E74CE95925D5DD6400EF14C2 /* Slot 2.png in Resources */ = {isa = PBXBuildFile; fileRef = E74CE92625D5DD6300EF14C2 /* Slot 2.png */; };
		E74CE95A25D5DD6400EF14C2 /* Open Chest.png in Resources */ = {isa = PBXBuildFile; fileRef = E74CE92725D5DD6300EF14C2 /* Open Chest.png */; };
		E74CE95B25D5DD6400EF14C2 /* Slot 1.png in Resources */ = {isa = PBXBuildFile; fileRef = E74CE92825D5DD6300EF14C2 /* Slot 1.png */; };
		E74CE95C25D5DD6400EF14C2 /* Exit.png in Resources */ = {isa = PBXBuildFile; fileRef = E74CE92925D5DD6300EF14C2 /* Exit.png */; };
		E74CE95D25D5DD6400EF14C2 /* Autorun.png in Resources */ = {isa = PBXBuildFile; fileRef = E74CE92A25D5DD6300EF14C2 /* Autorun.png */; };
		E74CE95E25D5DD6400EF14C2 /* Edit.png in Resources */ = {isa = PBXBuildFile; fileRef = E74CE92B25D5DD6300EF14C2 /* Edit.png */; };
		E74CE95F25D5DD6400EF14C2 /* Shoot Big.png in Resources */ = {isa = PBXBuildFile; fileRef = E74CE92C25D5DD6300EF14C2 /* Shoot Big.png */; };
		E74CE96025D5DD6400EF14C2 /* Interact.png in Resources */ = {isa = PBXBuildFile; fileRef = E74CE92D25D5DD6300EF14C2 /* Interact.png */; };
		E74CE96125D5DD6400EF14C2 /* Mic Muted.png in Resources */ = {isa = PBXBuildFile; fileRef = E74CE92E25D5DD6300EF14C2 /* Mic Muted.png */; };
		E74CE96225D5DD6400EF14C2 /* Aim.png in Resources */ = {isa = PBXBuildFile; fileRef = E74CE92F25D5DD6300EF14C2 /* Aim.png */; };
		E74CE96325D5DD6400EF14C2 /* Slot Pickaxe.png in Resources */ = {isa = PBXBuildFile; fileRef = E74CE93025D5DD6300EF14C2 /* Slot Pickaxe.png */; };
		E74CE96425D5DD6400EF14C2 /* Shoot.png in Resources */ = {isa = PBXBuildFile; fileRef = E74CE93125D5DD6300EF14C2 /* Shoot.png */; };
		E74CE96525D5DD6400EF14C2 /* Floor Unselected.png in Resources */ = {isa = PBXBuildFile; fileRef = E74CE93225D5DD6300EF14C2 /* Floor Unselected.png */; };
		E74CE96625D5DD6400EF14C2 /* Cycle Weapons Down.png in Resources */ = {isa = PBXBuildFile; fileRef = E74CE93325D5DD6300EF14C2 /* Cycle Weapons Down.png */; };
		E74CE96725D5DD6400EF14C2 /* Pyramid Unselected.png in Resources */ = {isa = PBXBuildFile; fileRef = E74CE93425D5DD6300EF14C2 /* Pyramid Unselected.png */; };
		E74CE96825D5DD6400EF14C2 /* Reload.png in Resources */ = {isa = PBXBuildFile; fileRef = E74CE93525D5DD6300EF14C2 /* Reload.png */; };
		E74CE96925D5DD6400EF14C2 /* Repair.png in Resources */ = {isa = PBXBuildFile; fileRef = E74CE93625D5DD6300EF14C2 /* Repair.png */; };
		E74CE96A25D5DD6400EF14C2 /* Cycle Weapons Up.png in Resources */ = {isa = PBXBuildFile; fileRef = E74CE93725D5DD6300EF14C2 /* Cycle Weapons Up.png */; };
		E798DD6B25DED38F00AF70AE /* LaunchScreenAppstore.storyboard in Resources */ = {isa = PBXBuildFile; fileRef = E798DD6A25DED38F00AF70AE /* LaunchScreenAppstore.storyboard */; };
		E7B87E2B25338121004358E3 /* RootViewController.swift in Sources */ = {isa = PBXBuildFile; fileRef = E7B87E2A25338121004358E3 /* RootViewController.swift */; };
		E7B87E2E25338121004358E3 /* Main.storyboard in Resources */ = {isa = PBXBuildFile; fileRef = E7B87E2C25338121004358E3 /* Main.storyboard */; };
		E7B87E3025338124004358E3 /* Assets.xcassets in Resources */ = {isa = PBXBuildFile; fileRef = E7B87E2F25338124004358E3 /* Assets.xcassets */; };
/* End PBXBuildFile section */

/* Begin PBXFileReference section */
		1BF8562B1619F13A7254171F /* Pods_Cloudy.framework */ = {isa = PBXFileReference; explicitFileType = wrapper.framework; includeInIndex = 0; path = Pods_Cloudy.framework; sourceTree = BUILT_PRODUCTS_DIR; };
		44A4D0057BF82C52A8F76A38 /* String.swift */ = {isa = PBXFileReference; fileEncoding = 4; lastKnownFileType = sourcecode.swift; path = String.swift; sourceTree = "<group>"; };
		44A4D01AC2645E64C1EB9CF9 /* AVFoundationVibratingFeedbackGenerator.swift */ = {isa = PBXFileReference; fileEncoding = 4; lastKnownFileType = sourcecode.swift; path = AVFoundationVibratingFeedbackGenerator.swift; sourceTree = "<group>"; };
		44A4D03A00E966FBE1BAF470 /* FirebaseConfig.swift */ = {isa = PBXFileReference; fileEncoding = 4; lastKnownFileType = sourcecode.swift; path = FirebaseConfig.swift; sourceTree = "<group>"; };
		44A4D04FA73CF783DE0E13BB /* ControllerSupport.h */ = {isa = PBXFileReference; fileEncoding = 4; lastKnownFileType = sourcecode.c.h; path = ControllerSupport.h; sourceTree = "<group>"; };
		44A4D082E6A9D84EE5475588 /* AbsoluteTouchHandler.h */ = {isa = PBXFileReference; fileEncoding = 4; lastKnownFileType = sourcecode.c.h; path = AbsoluteTouchHandler.h; sourceTree = "<group>"; };
		44A4D0C944031C3F9E85F0BE /* StreamConfiguration.m */ = {isa = PBXFileReference; fileEncoding = 4; lastKnownFileType = sourcecode.c.objc; path = StreamConfiguration.m; sourceTree = "<group>"; };
		44A4D15FC7FB3F6347B248D4 /* IAPManager.swift */ = {isa = PBXFileReference; fileEncoding = 4; lastKnownFileType = sourcecode.swift; path = IAPManager.swift; sourceTree = "<group>"; };
		44A4D1707DE0EDF880EF6C19 /* UserInteractionDelegate.h */ = {isa = PBXFileReference; fileEncoding = 4; lastKnownFileType = sourcecode.c.h; path = UserInteractionDelegate.h; sourceTree = "<group>"; };
		44A4D1944225013401F2BF98 /* OnScreenControlsLevel.h */ = {isa = PBXFileReference; fileEncoding = 4; lastKnownFileType = sourcecode.c.h; path = OnScreenControlsLevel.h; sourceTree = "<group>"; };
		44A4D1A2C8A3EF9148C0BE76 /* GoogleService-Info-reKairos.plist */ = {isa = PBXFileReference; fileEncoding = 4; lastKnownFileType = text.plist; path = "GoogleService-Info-reKairos.plist"; sourceTree = "<group>"; };
		44A4D1A39583BB7F49ABD541 /* Log.swift */ = {isa = PBXFileReference; fileEncoding = 4; lastKnownFileType = sourcecode.swift; path = Log.swift; sourceTree = "<group>"; };
		44A4D205B37B185DCA7E5DBD /* AlerterAssembler.swift */ = {isa = PBXFileReference; fileEncoding = 4; lastKnownFileType = sourcecode.swift; path = AlerterAssembler.swift; sourceTree = "<group>"; };
		44A4D222C2946D5D98EEA012 /* FortniteButtonType.swift */ = {isa = PBXFileReference; fileEncoding = 4; lastKnownFileType = sourcecode.swift; path = FortniteButtonType.swift; sourceTree = "<group>"; };
		44A4D24369D3C549C04BC958 /* Scripts.swift */ = {isa = PBXFileReference; fileEncoding = 4; lastKnownFileType = sourcecode.swift; path = Scripts.swift; sourceTree = "<group>"; };
		44A4D251D0510B4A29CC74F0 /* TouchFeedbackType.swift */ = {isa = PBXFileReference; fileEncoding = 4; lastKnownFileType = sourcecode.swift; path = TouchFeedbackType.swift; sourceTree = "<group>"; };
		44A4D355F9FC2B0B0407D925 /* ControllerId.swift */ = {isa = PBXFileReference; fileEncoding = 4; lastKnownFileType = sourcecode.swift; path = ControllerId.swift; sourceTree = "<group>"; };
		44A4D3A1BA3A8B2AB96CB81B /* UserDefaults.swift */ = {isa = PBXFileReference; fileEncoding = 4; lastKnownFileType = sourcecode.swift; path = UserDefaults.swift; sourceTree = "<group>"; };
		44A4D3C66C850CAE14FDE0AD /* Controller.h */ = {isa = PBXFileReference; fileEncoding = 4; lastKnownFileType = sourcecode.c.h; path = Controller.h; sourceTree = "<group>"; };
		44A4D5488A9A1FADB79679F8 /* Cloudy-Bridging-Header.h */ = {isa = PBXFileReference; fileEncoding = 4; lastKnownFileType = sourcecode.c.h; path = "Cloudy-Bridging-Header.h"; sourceTree = "<group>"; };
		44A4D58266EE8EF012AEA979 /* Navigator.swift */ = {isa = PBXFileReference; fileEncoding = 4; lastKnownFileType = sourcecode.swift; path = Navigator.swift; sourceTree = "<group>"; };
		44A4D58736385FBD2B75856B /* MenuViewController.swift */ = {isa = PBXFileReference; fileEncoding = 4; lastKnownFileType = sourcecode.swift; path = MenuViewController.swift; sourceTree = "<group>"; };
		44A4D600D66AF81438FD332D /* FullScreenWKWebView.swift */ = {isa = PBXFileReference; fileEncoding = 4; lastKnownFileType = sourcecode.swift; path = FullScreenWKWebView.swift; sourceTree = "<group>"; };
		44A4D65CCCDC87AB22F608BE /* InputPresenceDelegate.h */ = {isa = PBXFileReference; fileEncoding = 4; lastKnownFileType = sourcecode.c.h; path = InputPresenceDelegate.h; sourceTree = "<group>"; };
		44A4D67F8889E455A547CB96 /* WebViewControllerBridge.swift */ = {isa = PBXFileReference; fileEncoding = 4; lastKnownFileType = sourcecode.swift; path = WebViewControllerBridge.swift; sourceTree = "<group>"; };
		44A4D6F8B5E3D963ACC77795 /* StreamConfiguration.h */ = {isa = PBXFileReference; fileEncoding = 4; lastKnownFileType = sourcecode.c.h; path = StreamConfiguration.h; sourceTree = "<group>"; };
		44A4D73AE358DE68EA5B6076 /* AppAssembler.swift */ = {isa = PBXFileReference; fileEncoding = 4; lastKnownFileType = sourcecode.swift; path = AppAssembler.swift; sourceTree = "<group>"; };
		44A4D789D77BE6B77BC1DBDD /* KeyboardSupport.h */ = {isa = PBXFileReference; fileEncoding = 4; lastKnownFileType = sourcecode.c.h; path = KeyboardSupport.h; sourceTree = "<group>"; };
		44A4D79906D5F591C2BF5F8D /* KeyboardSupport.m */ = {isa = PBXFileReference; fileEncoding = 4; lastKnownFileType = sourcecode.c.objc; path = KeyboardSupport.m; sourceTree = "<group>"; };
		44A4D7CF8072725D6F7680F7 /* Log.h */ = {isa = PBXFileReference; fileEncoding = 4; lastKnownFileType = sourcecode.c.h; path = Log.h; sourceTree = "<group>"; };
		44A4D80ED7881A56C23C0BBD /* Bundle.swift */ = {isa = PBXFileReference; fileEncoding = 4; lastKnownFileType = sourcecode.swift; path = Bundle.swift; sourceTree = "<group>"; };
		44A4D8408DC01C9003CB194F /* RelativeTouchHandler.h */ = {isa = PBXFileReference; fileEncoding = 4; lastKnownFileType = sourcecode.c.h; path = RelativeTouchHandler.h; sourceTree = "<group>"; };
		44A4D84AA80462713E1C2E0D /* ControllerSupport.m */ = {isa = PBXFileReference; fileEncoding = 4; lastKnownFileType = sourcecode.c.objc; path = ControllerSupport.m; sourceTree = "<group>"; };
		44A4D857B518E3369F31987F /* SKProduct.swift */ = {isa = PBXFileReference; fileEncoding = 4; lastKnownFileType = sourcecode.swift; path = SKProduct.swift; sourceTree = "<group>"; };
		44A4D8A659024EF865AEB5D4 /* UIView.swift */ = {isa = PBXFileReference; fileEncoding = 4; lastKnownFileType = sourcecode.swift; path = UIView.swift; sourceTree = "<group>"; };
		44A4D8ADC2F1AF9D8EE953E2 /* X1Kit.swift */ = {isa = PBXFileReference; fileEncoding = 4; lastKnownFileType = sourcecode.swift; path = X1Kit.swift; sourceTree = "<group>"; };
		44A4D8D08D2232FAD634A19D /* OscExtension.swift */ = {isa = PBXFileReference; fileEncoding = 4; lastKnownFileType = sourcecode.swift; path = OscExtension.swift; sourceTree = "<group>"; };
		44A4D917B5DA24C9FF5229C1 /* Limelight.h */ = {isa = PBXFileReference; fileEncoding = 4; lastKnownFileType = sourcecode.c.h; path = Limelight.h; sourceTree = "<group>"; };
		44A4D94FA15AC6404913EAD0 /* HapticContext.h */ = {isa = PBXFileReference; fileEncoding = 4; lastKnownFileType = sourcecode.c.h; path = HapticContext.h; sourceTree = "<group>"; };
		44A4D965A769BDED09733089 /* AppDelegate.swift */ = {isa = PBXFileReference; fileEncoding = 4; lastKnownFileType = sourcecode.swift; path = AppDelegate.swift; sourceTree = "<group>"; };
		44A4D999AA39891699C55D00 /* GameController.swift */ = {isa = PBXFileReference; fileEncoding = 4; lastKnownFileType = sourcecode.swift; path = GameController.swift; sourceTree = "<group>"; };
		44A4D9AA937FF7595CC480CE /* LaunchArgumentHandler.swift */ = {isa = PBXFileReference; fileEncoding = 4; lastKnownFileType = sourcecode.swift; path = LaunchArgumentHandler.swift; sourceTree = "<group>"; };
		44A4D9F318B9593A6DD6F951 /* ButtonOptionSet.swift */ = {isa = PBXFileReference; fileEncoding = 4; lastKnownFileType = sourcecode.swift; path = ButtonOptionSet.swift; sourceTree = "<group>"; };
		44A4DA0D88D1730154B97A8A /* VisibleButtons.swift */ = {isa = PBXFileReference; fileEncoding = 4; lastKnownFileType = sourcecode.swift; path = VisibleButtons.swift; sourceTree = "<group>"; };
		44A4DA6DC6F7876B0D6B7A64 /* CloudyController.swift */ = {isa = PBXFileReference; fileEncoding = 4; lastKnownFileType = sourcecode.swift; path = CloudyController.swift; sourceTree = "<group>"; };
		44A4DAD3D027D9F76C3CEEF6 /* StreamView.m */ = {isa = PBXFileReference; fileEncoding = 4; lastKnownFileType = sourcecode.c.objc; path = StreamView.m; sourceTree = "<group>"; };
		44A4DAE8EDEBEA2FC3499A3C /* OnScreenControls.h */ = {isa = PBXFileReference; fileEncoding = 4; lastKnownFileType = sourcecode.c.h; path = OnScreenControls.h; sourceTree = "<group>"; };
		44A4DB7F7D4AED8CC81E1C14 /* IAPPurchaseHelper.swift */ = {isa = PBXFileReference; fileEncoding = 4; lastKnownFileType = sourcecode.swift; path = IAPPurchaseHelper.swift; sourceTree = "<group>"; };
		44A4DBCCBA86600B436045E4 /* SceneDelegate.swift */ = {isa = PBXFileReference; fileEncoding = 4; lastKnownFileType = sourcecode.swift; path = SceneDelegate.swift; sourceTree = "<group>"; };
		44A4DC3B80142D290BBCE80C /* Float.swift */ = {isa = PBXFileReference; fileEncoding = 4; lastKnownFileType = sourcecode.swift; path = Float.swift; sourceTree = "<group>"; };
		44A4DCA1AA422D8737EDD5DC /* AlphaTestingCALayer.swift */ = {isa = PBXFileReference; fileEncoding = 4; lastKnownFileType = sourcecode.swift; path = AlphaTestingCALayer.swift; sourceTree = "<group>"; };
		44A4DD07C98AB403DD907C8D /* Controller.m */ = {isa = PBXFileReference; fileEncoding = 4; lastKnownFileType = sourcecode.c.objc; path = Controller.m; sourceTree = "<group>"; };
		44A4DD9C29CE255AE826C5D7 /* OnScreenControls.m */ = {isa = PBXFileReference; fileEncoding = 4; lastKnownFileType = sourcecode.c.objc; path = OnScreenControls.m; sourceTree = "<group>"; };
		44A4DDA6CB7D08DFDA35E5D3 /* RelativeTouchHandler.m */ = {isa = PBXFileReference; fileEncoding = 4; lastKnownFileType = sourcecode.c.objc; path = RelativeTouchHandler.m; sourceTree = "<group>"; };
		44A4DDB8D66361B6321877D4 /* AbsoluteTouchHandler.m */ = {isa = PBXFileReference; fileEncoding = 4; lastKnownFileType = sourcecode.c.objc; path = AbsoluteTouchHandler.m; sourceTree = "<group>"; };
		44A4DDFB3BA2FE8AEE10DEA9 /* Collection.swift */ = {isa = PBXFileReference; fileEncoding = 4; lastKnownFileType = sourcecode.swift; path = Collection.swift; sourceTree = "<group>"; };
		44A4DE669F9BFCED0AFDF8E2 /* HapticContext.m */ = {isa = PBXFileReference; fileEncoding = 4; lastKnownFileType = sourcecode.c.objc; path = HapticContext.m; sourceTree = "<group>"; };
		44A4DE6EB9C1A8F63D2C1E49 /* GoogleService-Info.plist */ = {isa = PBXFileReference; fileEncoding = 4; lastKnownFileType = text.plist.info; path = "GoogleService-Info.plist"; sourceTree = "<group>"; };
		44A4DF014A2552F6BEA0E062 /* StreamView.h */ = {isa = PBXFileReference; fileEncoding = 4; lastKnownFileType = sourcecode.c.h; path = StreamView.h; sourceTree = "<group>"; };
		44A4DF345C0AE58872E1CC3A /* TemporarySettings.swift */ = {isa = PBXFileReference; fileEncoding = 4; lastKnownFileType = sourcecode.swift; path = TemporarySettings.swift; sourceTree = "<group>"; };
		44A4DF3D3079ADE1DDD381ED /* Limelight.m */ = {isa = PBXFileReference; fileEncoding = 4; lastKnownFileType = sourcecode.c.objc; path = Limelight.m; sourceTree = "<group>"; };
		44A4DF70B84D5FD2DF3E9D34 /* IAPAssembler.swift */ = {isa = PBXFileReference; fileEncoding = 4; lastKnownFileType = sourcecode.swift; path = IAPAssembler.swift; sourceTree = "<group>"; };
		44A4DF967486C5BEC663A336 /* Alerter.swift */ = {isa = PBXFileReference; fileEncoding = 4; lastKnownFileType = sourcecode.swift; path = Alerter.swift; sourceTree = "<group>"; };
		44A4DFB90BD884CB5041E57D /* WKUserScript.swift */ = {isa = PBXFileReference; fileEncoding = 4; lastKnownFileType = sourcecode.swift; path = WKUserScript.swift; sourceTree = "<group>"; };
		44A4DFE6F4FDD51E58D517B4 /* OscAssembler.swift */ = {isa = PBXFileReference; fileEncoding = 4; lastKnownFileType = sourcecode.swift; path = OscAssembler.swift; sourceTree = "<group>"; };
		51894F6825EE1A2E0054EAD8 /* Rotate.png */ = {isa = PBXFileReference; lastKnownFileType = image.png; path = Rotate.png; sourceTree = "<group>"; };
		79B35440DA7901C4949EFDC7 /* Pods-Cloudy.release.xcconfig */ = {isa = PBXFileReference; includeInIndex = 1; lastKnownFileType = text.xcconfig; name = "Pods-Cloudy.release.xcconfig"; path = "Target Support Files/Pods-Cloudy/Pods-Cloudy.release.xcconfig"; sourceTree = "<group>"; };
		79E113C5587D0E3EF509C81C /* Pods-Cloudy.rekairos debug.xcconfig */ = {isa = PBXFileReference; includeInIndex = 1; lastKnownFileType = text.xcconfig; name = "Pods-Cloudy.rekairos debug.xcconfig"; path = "Target Support Files/Pods-Cloudy/Pods-Cloudy.rekairos debug.xcconfig"; sourceTree = "<group>"; };
		8C777E5DB6AA0540BAAEE53E /* Pods-Cloudy.appstore.xcconfig */ = {isa = PBXFileReference; includeInIndex = 1; lastKnownFileType = text.xcconfig; name = "Pods-Cloudy.appstore.xcconfig"; path = "Target Support Files/Pods-Cloudy/Pods-Cloudy.appstore.xcconfig"; sourceTree = "<group>"; };
		B42B0FEC073AD10E0FCA6CF1 /* Pods-Cloudy.debug.xcconfig */ = {isa = PBXFileReference; includeInIndex = 1; lastKnownFileType = text.xcconfig; name = "Pods-Cloudy.debug.xcconfig"; path = "Target Support Files/Pods-Cloudy/Pods-Cloudy.debug.xcconfig"; sourceTree = "<group>"; };
		B68A92C425596BFB00A22D82 /* Cloudy.entitlements */ = {isa = PBXFileReference; lastKnownFileType = text.plist.entitlements; path = Cloudy.entitlements; sourceTree = "<group>"; };
		E712FF9725520978003CF78C /* Images.xcassets */ = {isa = PBXFileReference; lastKnownFileType = folder.assetcatalog; path = Images.xcassets; sourceTree = "<group>"; };
		E71AF2EA25E2DF1900F76E5B /* FortniteHUDPositionKeys.swift */ = {isa = PBXFileReference; fileEncoding = 4; lastKnownFileType = sourcecode.swift; path = FortniteHUDPositionKeys.swift; sourceTree = "<group>"; };
		E74CE8D125D5B0D900EF14C2 /* LaunchScreen.storyboard */ = {isa = PBXFileReference; lastKnownFileType = file.storyboard; path = LaunchScreen.storyboard; sourceTree = "<group>"; };
		E74CE8D525D5B0F200EF14C2 /* LaunchScreenReKairos.storyboard */ = {isa = PBXFileReference; lastKnownFileType = file.storyboard; path = LaunchScreenReKairos.storyboard; sourceTree = "<group>"; };
		E74CE90225D5DD6300EF14C2 /* FortniteHUD.swift */ = {isa = PBXFileReference; fileEncoding = 4; lastKnownFileType = sourcecode.swift; path = FortniteHUD.swift; sourceTree = "<group>"; };
		E74CE90325D5DD6300EF14C2 /* FortniteHUDCustomization.swift */ = {isa = PBXFileReference; fileEncoding = 4; lastKnownFileType = sourcecode.swift; path = FortniteHUDCustomization.swift; sourceTree = "<group>"; };
		E74CE90625D5DD6300EF14C2 /* HUDBackground.jpg */ = {isa = PBXFileReference; lastKnownFileType = image.jpeg; path = HUDBackground.jpg; sourceTree = "<group>"; };
		E74CE90825D5DD6300EF14C2 /* Floor Selected.png */ = {isa = PBXFileReference; lastKnownFileType = image.png; path = "Floor Selected.png"; sourceTree = "<group>"; };
		E74CE90925D5DD6300EF14C2 /* Quick Heal.png */ = {isa = PBXFileReference; lastKnownFileType = image.png; path = "Quick Heal.png"; sourceTree = "<group>"; };
		E74CE90B25D5DD6300EF14C2 /* Mic Unmuted.png */ = {isa = PBXFileReference; lastKnownFileType = image.png; path = "Mic Unmuted.png"; sourceTree = "<group>"; };
		E74CE90C25D5DD6300EF14C2 /* Wall Selected.png */ = {isa = PBXFileReference; lastKnownFileType = image.png; path = "Wall Selected.png"; sourceTree = "<group>"; };
		E74CE90D25D5DD6300EF14C2 /* Jump.png */ = {isa = PBXFileReference; lastKnownFileType = image.png; path = Jump.png; sourceTree = "<group>"; };
		E74CE90E25D5DD6300EF14C2 /* Crouch Up.png */ = {isa = PBXFileReference; lastKnownFileType = image.png; path = "Crouch Up.png"; sourceTree = "<group>"; };
		E74CE90F25D5DD6300EF14C2 /* Edit Crosshair.png */ = {isa = PBXFileReference; lastKnownFileType = image.png; path = "Edit Crosshair.png"; sourceTree = "<group>"; };
		E74CE91025D5DD6300EF14C2 /* Inventory.png */ = {isa = PBXFileReference; lastKnownFileType = image.png; path = Inventory.png; sourceTree = "<group>"; };
		E74CE91125D5DD6300EF14C2 /* Edit Reset.png */ = {isa = PBXFileReference; lastKnownFileType = image.png; path = "Edit Reset.png"; sourceTree = "<group>"; };
		E74CE91225D5DD6300EF14C2 /* Switch To Build.png */ = {isa = PBXFileReference; lastKnownFileType = image.png; path = "Switch To Build.png"; sourceTree = "<group>"; };
		E74CE91325D5DD6300EF14C2 /* Change Materials.png */ = {isa = PBXFileReference; lastKnownFileType = image.png; path = "Change Materials.png"; sourceTree = "<group>"; };
		E74CE91425D5DD6300EF14C2 /* Move Joystick.png */ = {isa = PBXFileReference; lastKnownFileType = image.png; path = "Move Joystick.png"; sourceTree = "<group>"; };
		E74CE91525D5DD6300EF14C2 /* Wall Unselected.png */ = {isa = PBXFileReference; lastKnownFileType = image.png; path = "Wall Unselected.png"; sourceTree = "<group>"; };
		E74CE91625D5DD6300EF14C2 /* Throw.png */ = {isa = PBXFileReference; lastKnownFileType = image.png; path = Throw.png; sourceTree = "<group>"; };
		E74CE91725D5DD6300EF14C2 /* Pyramid Selected.png */ = {isa = PBXFileReference; lastKnownFileType = image.png; path = "Pyramid Selected.png"; sourceTree = "<group>"; };
		E74CE91825D5DD6300EF14C2 /* Stair Unselected.png */ = {isa = PBXFileReference; lastKnownFileType = image.png; path = "Stair Unselected.png"; sourceTree = "<group>"; };
		E74CE91925D5DD6300EF14C2 /* Stair Selected.png */ = {isa = PBXFileReference; lastKnownFileType = image.png; path = "Stair Selected.png"; sourceTree = "<group>"; };
		E74CE91A25D5DD6300EF14C2 /* Move Outer.png */ = {isa = PBXFileReference; lastKnownFileType = image.png; path = "Move Outer.png"; sourceTree = "<group>"; };
		E74CE91B25D5DD6300EF14C2 /* Reset.png */ = {isa = PBXFileReference; lastKnownFileType = image.png; path = Reset.png; sourceTree = "<group>"; };
		E74CE91C25D5DD6300EF14C2 /* Emote Wheel.png */ = {isa = PBXFileReference; lastKnownFileType = image.png; path = "Emote Wheel.png"; sourceTree = "<group>"; };
		E74CE91D25D5DD6300EF14C2 /* Use.png */ = {isa = PBXFileReference; lastKnownFileType = image.png; path = Use.png; sourceTree = "<group>"; };
		E74CE91F25D5DD6300EF14C2 /* Crouch Down.png */ = {isa = PBXFileReference; lastKnownFileType = image.png; path = "Crouch Down.png"; sourceTree = "<group>"; };
		E74CE92025D5DD6300EF14C2 /* Switch To Combat.png */ = {isa = PBXFileReference; lastKnownFileType = image.png; path = "Switch To Combat.png"; sourceTree = "<group>"; };
		E74CE92125D5DD6300EF14C2 /* Quick Chat.png */ = {isa = PBXFileReference; lastKnownFileType = image.png; path = "Quick Chat.png"; sourceTree = "<group>"; };
		E74CE92225D5DD6300EF14C2 /* Slot 4.png */ = {isa = PBXFileReference; lastKnownFileType = image.png; path = "Slot 4.png"; sourceTree = "<group>"; };
		E74CE92325D5DD6300EF14C2 /* Confirm.png */ = {isa = PBXFileReference; lastKnownFileType = image.png; path = Confirm.png; sourceTree = "<group>"; };
		E74CE92425D5DD6300EF14C2 /* Slot 3.png */ = {isa = PBXFileReference; lastKnownFileType = image.png; path = "Slot 3.png"; sourceTree = "<group>"; };
		E74CE92525D5DD6300EF14C2 /* Ping.png */ = {isa = PBXFileReference; lastKnownFileType = image.png; path = Ping.png; sourceTree = "<group>"; };
		E74CE92625D5DD6300EF14C2 /* Slot 2.png */ = {isa = PBXFileReference; lastKnownFileType = image.png; path = "Slot 2.png"; sourceTree = "<group>"; };
		E74CE92725D5DD6300EF14C2 /* Open Chest.png */ = {isa = PBXFileReference; lastKnownFileType = image.png; path = "Open Chest.png"; sourceTree = "<group>"; };
		E74CE92825D5DD6300EF14C2 /* Slot 1.png */ = {isa = PBXFileReference; lastKnownFileType = image.png; path = "Slot 1.png"; sourceTree = "<group>"; };
		E74CE92925D5DD6300EF14C2 /* Exit.png */ = {isa = PBXFileReference; lastKnownFileType = image.png; path = Exit.png; sourceTree = "<group>"; };
		E74CE92A25D5DD6300EF14C2 /* Autorun.png */ = {isa = PBXFileReference; lastKnownFileType = image.png; path = Autorun.png; sourceTree = "<group>"; };
		E74CE92B25D5DD6300EF14C2 /* Edit.png */ = {isa = PBXFileReference; lastKnownFileType = image.png; path = Edit.png; sourceTree = "<group>"; };
		E74CE92C25D5DD6300EF14C2 /* Shoot Big.png */ = {isa = PBXFileReference; lastKnownFileType = image.png; path = "Shoot Big.png"; sourceTree = "<group>"; };
		E74CE92D25D5DD6300EF14C2 /* Interact.png */ = {isa = PBXFileReference; lastKnownFileType = image.png; path = Interact.png; sourceTree = "<group>"; };
		E74CE92E25D5DD6300EF14C2 /* Mic Muted.png */ = {isa = PBXFileReference; lastKnownFileType = image.png; path = "Mic Muted.png"; sourceTree = "<group>"; };
		E74CE92F25D5DD6300EF14C2 /* Aim.png */ = {isa = PBXFileReference; lastKnownFileType = image.png; path = Aim.png; sourceTree = "<group>"; };
		E74CE93025D5DD6300EF14C2 /* Slot Pickaxe.png */ = {isa = PBXFileReference; lastKnownFileType = image.png; path = "Slot Pickaxe.png"; sourceTree = "<group>"; };
		E74CE93125D5DD6300EF14C2 /* Shoot.png */ = {isa = PBXFileReference; lastKnownFileType = image.png; path = Shoot.png; sourceTree = "<group>"; };
		E74CE93225D5DD6300EF14C2 /* Floor Unselected.png */ = {isa = PBXFileReference; lastKnownFileType = image.png; path = "Floor Unselected.png"; sourceTree = "<group>"; };
		E74CE93325D5DD6300EF14C2 /* Cycle Weapons Down.png */ = {isa = PBXFileReference; lastKnownFileType = image.png; path = "Cycle Weapons Down.png"; sourceTree = "<group>"; };
		E74CE93425D5DD6300EF14C2 /* Pyramid Unselected.png */ = {isa = PBXFileReference; lastKnownFileType = image.png; path = "Pyramid Unselected.png"; sourceTree = "<group>"; };
		E74CE93525D5DD6300EF14C2 /* Reload.png */ = {isa = PBXFileReference; lastKnownFileType = image.png; path = Reload.png; sourceTree = "<group>"; };
		E74CE93625D5DD6300EF14C2 /* Repair.png */ = {isa = PBXFileReference; lastKnownFileType = image.png; path = Repair.png; sourceTree = "<group>"; };
		E74CE93725D5DD6300EF14C2 /* Cycle Weapons Up.png */ = {isa = PBXFileReference; lastKnownFileType = image.png; path = "Cycle Weapons Up.png"; sourceTree = "<group>"; };
		E798DD6A25DED38F00AF70AE /* LaunchScreenAppstore.storyboard */ = {isa = PBXFileReference; fileEncoding = 4; lastKnownFileType = file.storyboard; path = LaunchScreenAppstore.storyboard; sourceTree = "<group>"; };
		E7B87E2325338121004358E3 /* Cloudy.app */ = {isa = PBXFileReference; explicitFileType = wrapper.application; includeInIndex = 0; path = Cloudy.app; sourceTree = BUILT_PRODUCTS_DIR; };
		E7B87E2A25338121004358E3 /* RootViewController.swift */ = {isa = PBXFileReference; lastKnownFileType = sourcecode.swift; path = RootViewController.swift; sourceTree = "<group>"; };
		E7B87E2D25338121004358E3 /* Base */ = {isa = PBXFileReference; lastKnownFileType = file.storyboard; name = Base; path = Base.lproj/Main.storyboard; sourceTree = "<group>"; };
		E7B87E2F25338124004358E3 /* Assets.xcassets */ = {isa = PBXFileReference; lastKnownFileType = folder.assetcatalog; path = Assets.xcassets; sourceTree = "<group>"; };
		E7B87E3425338124004358E3 /* Info.plist */ = {isa = PBXFileReference; lastKnownFileType = text.plist.xml; path = Info.plist; sourceTree = "<group>"; };
		F5F1C5404C2A26CEE2BEB564 /* Pods-Cloudy.rekairos release.xcconfig */ = {isa = PBXFileReference; includeInIndex = 1; lastKnownFileType = text.xcconfig; name = "Pods-Cloudy.rekairos release.xcconfig"; path = "Target Support Files/Pods-Cloudy/Pods-Cloudy.rekairos release.xcconfig"; sourceTree = "<group>"; };
/* End PBXFileReference section */

/* Begin PBXFrameworksBuildPhase section */
		E7B87E2025338121004358E3 /* Frameworks */ = {
			isa = PBXFrameworksBuildPhase;
			buildActionMask = 2147483647;
			files = (
				5CDDBA53FB1B62159C8668EF /* Pods_Cloudy.framework in Frameworks */,
			);
			runOnlyForDeploymentPostprocessing = 0;
		};
/* End PBXFrameworksBuildPhase section */

/* Begin PBXGroup section */
		44A4D1438C45504101E3F0F6 /* App */ = {
			isa = PBXGroup;
			children = (
				44A4DBCCBA86600B436045E4 /* SceneDelegate.swift */,
				44A4D965A769BDED09733089 /* AppDelegate.swift */,
				44A4D73AE358DE68EA5B6076 /* AppAssembler.swift */,
			);
			path = App;
			sourceTree = "<group>";
		};
		44A4D16D8119944005C73DA3 /* View */ = {
			isa = PBXGroup;
			children = (
				44A4D600D66AF81438FD332D /* FullScreenWKWebView.swift */,
				44A4D6CEEE95D16908E52F50 /* Alerter */,
				44A4D5D992F3D148DDC8A53C /* Feedback */,
				44A4D402EB59C8CB3D718115 /* Osc */,
				44A4DFD69A6C3DFEF79D2C47 /* OscExtension */,
				44A4DCA1AA422D8737EDD5DC /* AlphaTestingCALayer.swift */,
			);
			path = View;
			sourceTree = "<group>";
		};
		44A4D1DDA036E7A31483092F /* Stream */ = {
			isa = PBXGroup;
			children = (
				44A4D0C944031C3F9E85F0BE /* StreamConfiguration.m */,
				44A4D6F8B5E3D963ACC77795 /* StreamConfiguration.h */,
			);
			path = Stream;
			sourceTree = "<group>";
		};
		44A4D2F97482BC53834E4429 /* X1Kit */ = {
			isa = PBXGroup;
			children = (
				44A4D8ADC2F1AF9D8EE953E2 /* X1Kit.swift */,
			);
			path = X1Kit;
			sourceTree = "<group>";
		};
		44A4D35F4287C173F7E152C8 /* Extension */ = {
			isa = PBXGroup;
			children = (
				44A4D8A659024EF865AEB5D4 /* UIView.swift */,
				44A4D999AA39891699C55D00 /* GameController.swift */,
				44A4D0057BF82C52A8F76A38 /* String.swift */,
				44A4D80ED7881A56C23C0BBD /* Bundle.swift */,
				44A4DDFB3BA2FE8AEE10DEA9 /* Collection.swift */,
				44A4D857B518E3369F31987F /* SKProduct.swift */,
				44A4DFB90BD884CB5041E57D /* WKUserScript.swift */,
				44A4DC3B80142D290BBCE80C /* Float.swift */,
			);
			path = Extension;
			sourceTree = "<group>";
		};
		44A4D36FC16FC95D4D712D6E /* View */ = {
			isa = PBXGroup;
			children = (
				44A4D082E6A9D84EE5475588 /* AbsoluteTouchHandler.h */,
				44A4DDB8D66361B6321877D4 /* AbsoluteTouchHandler.m */,
				44A4D3C66C850CAE14FDE0AD /* Controller.h */,
				44A4DD07C98AB403DD907C8D /* Controller.m */,
				44A4D04FA73CF783DE0E13BB /* ControllerSupport.h */,
				44A4D84AA80462713E1C2E0D /* ControllerSupport.m */,
				44A4D94FA15AC6404913EAD0 /* HapticContext.h */,
				44A4DE669F9BFCED0AFDF8E2 /* HapticContext.m */,
				44A4D65CCCDC87AB22F608BE /* InputPresenceDelegate.h */,
				44A4D789D77BE6B77BC1DBDD /* KeyboardSupport.h */,
				44A4D79906D5F591C2BF5F8D /* KeyboardSupport.m */,
				44A4DAE8EDEBEA2FC3499A3C /* OnScreenControls.h */,
				44A4DD9C29CE255AE826C5D7 /* OnScreenControls.m */,
				44A4D1944225013401F2BF98 /* OnScreenControlsLevel.h */,
				44A4D8408DC01C9003CB194F /* RelativeTouchHandler.h */,
				44A4DDA6CB7D08DFDA35E5D3 /* RelativeTouchHandler.m */,
				44A4DF014A2552F6BEA0E062 /* StreamView.h */,
				44A4DAD3D027D9F76C3CEEF6 /* StreamView.m */,
				44A4D1707DE0EDF880EF6C19 /* UserInteractionDelegate.h */,
			);
			path = View;
			sourceTree = "<group>";
		};
		44A4D402EB59C8CB3D718115 /* Osc */ = {
			isa = PBXGroup;
			children = (
				44A4D4ED7D3B665845068400 /* Moonlight */,
			);
			path = Osc;
			sourceTree = "<group>";
		};
		44A4D4ED7D3B665845068400 /* Moonlight */ = {
			isa = PBXGroup;
			children = (
				44A4D36FC16FC95D4D712D6E /* View */,
				44A4D2F97482BC53834E4429 /* X1Kit */,
				44A4D6C5F278E045DF172403 /* Common */,
				44A4D1DDA036E7A31483092F /* Stream */,
			);
			path = Moonlight;
			sourceTree = "<group>";
		};
		44A4D54D8E4FC726157DAB44 /* Model */ = {
			isa = PBXGroup;
			children = (
				44A4D3A1BA3A8B2AB96CB81B /* UserDefaults.swift */,
				44A4D58266EE8EF012AEA979 /* Navigator.swift */,
				44A4DF345C0AE58872E1CC3A /* TemporarySettings.swift */,
				44A4D9A6A736F81C6FB2AC3F /* Moonlight */,
				44A4D24369D3C549C04BC958 /* Scripts.swift */,
				44A4DA6DC6F7876B0D6B7A64 /* CloudyController.swift */,
				44A4D9AA937FF7595CC480CE /* LaunchArgumentHandler.swift */,
				44A4D355F9FC2B0B0407D925 /* ControllerId.swift */,
				44A4DA0D88D1730154B97A8A /* VisibleButtons.swift */,
			);
			path = Model;
			sourceTree = "<group>";
		};
		44A4D5C66D1BB23F52E6221F /* Util */ = {
			isa = PBXGroup;
			children = (
				44A4D1A39583BB7F49ABD541 /* Log.swift */,
				44A4D7CF8072725D6F7680F7 /* Log.h */,
			);
			path = Util;
			sourceTree = "<group>";
		};
		44A4D5D992F3D148DDC8A53C /* Feedback */ = {
			isa = PBXGroup;
			children = (
				44A4D01AC2645E64C1EB9CF9 /* AVFoundationVibratingFeedbackGenerator.swift */,
				44A4D251D0510B4A29CC74F0 /* TouchFeedbackType.swift */,
			);
			path = Feedback;
			sourceTree = "<group>";
		};
		44A4D6C5F278E045DF172403 /* Common */ = {
			isa = PBXGroup;
			children = (
				44A4DE025071B2C82D908E24 /* Src */,
			);
			path = Common;
			sourceTree = "<group>";
		};
		44A4D6CEEE95D16908E52F50 /* Alerter */ = {
			isa = PBXGroup;
			children = (
				44A4DF967486C5BEC663A336 /* Alerter.swift */,
				44A4D205B37B185DCA7E5DBD /* AlerterAssembler.swift */,
			);
			path = Alerter;
			sourceTree = "<group>";
		};
		44A4D7A017FF4B1C94083D23 /* IAP */ = {
			isa = PBXGroup;
			children = (
				44A4D15FC7FB3F6347B248D4 /* IAPManager.swift */,
				44A4DB7F7D4AED8CC81E1C14 /* IAPPurchaseHelper.swift */,
				44A4DF70B84D5FD2DF3E9D34 /* IAPAssembler.swift */,
			);
			path = IAP;
			sourceTree = "<group>";
		};
		44A4D87311BEDF6492E83BD2 /* Config */ = {
			isa = PBXGroup;
			children = (
				44A4D1A2C8A3EF9148C0BE76 /* GoogleService-Info-reKairos.plist */,
				44A4DE6EB9C1A8F63D2C1E49 /* GoogleService-Info.plist */,
			);
			path = Config;
			sourceTree = "<group>";
		};
		44A4D9A6A736F81C6FB2AC3F /* Moonlight */ = {
			isa = PBXGroup;
			children = (
				44A4D9F318B9593A6DD6F951 /* ButtonOptionSet.swift */,
			);
			path = Moonlight;
			sourceTree = "<group>";
		};
		44A4DAAF14FE3858567A8A78 /* Service */ = {
			isa = PBXGroup;
			children = (
				44A4D7A017FF4B1C94083D23 /* IAP */,
				44A4DFBEBEA679034AEC9F19 /* Firebase */,
			);
			path = Service;
			sourceTree = "<group>";
		};
		44A4DE025071B2C82D908E24 /* Src */ = {
			isa = PBXGroup;
			children = (
				44A4D917B5DA24C9FF5229C1 /* Limelight.h */,
				44A4DF3D3079ADE1DDD381ED /* Limelight.m */,
			);
			path = Src;
			sourceTree = "<group>";
		};
		44A4DFBEBEA679034AEC9F19 /* Firebase */ = {
			isa = PBXGroup;
			children = (
				44A4D87311BEDF6492E83BD2 /* Config */,
				44A4D03A00E966FBE1BAF470 /* FirebaseConfig.swift */,
			);
			path = Firebase;
			sourceTree = "<group>";
		};
		44A4DFD69A6C3DFEF79D2C47 /* OscExtension */ = {
			isa = PBXGroup;
			children = (
				E74CE90125D5DD6300EF14C2 /* Fortnite */,
				44A4D8D08D2232FAD634A19D /* OscExtension.swift */,
				44A4DFE6F4FDD51E58D517B4 /* OscAssembler.swift */,
			);
			path = OscExtension;
			sourceTree = "<group>";
		};
		CAC63E443E260BECDB6A0652 /* Pods */ = {
			isa = PBXGroup;
			children = (
				B42B0FEC073AD10E0FCA6CF1 /* Pods-Cloudy.debug.xcconfig */,
				79B35440DA7901C4949EFDC7 /* Pods-Cloudy.release.xcconfig */,
				8C777E5DB6AA0540BAAEE53E /* Pods-Cloudy.appstore.xcconfig */,
				79E113C5587D0E3EF509C81C /* Pods-Cloudy.rekairos debug.xcconfig */,
				F5F1C5404C2A26CEE2BEB564 /* Pods-Cloudy.rekairos release.xcconfig */,
			);
			path = Pods;
			sourceTree = "<group>";
		};
		E74CE90125D5DD6300EF14C2 /* Fortnite */ = {
			isa = PBXGroup;
			children = (
				E71AF2EA25E2DF1900F76E5B /* FortniteHUDPositionKeys.swift */,
				E74CE90225D5DD6300EF14C2 /* FortniteHUD.swift */,
				E74CE90325D5DD6300EF14C2 /* FortniteHUDCustomization.swift */,
				E74CE90425D5DD6300EF14C2 /* Assets */,
				44A4D222C2946D5D98EEA012 /* FortniteButtonType.swift */,
			);
			path = Fortnite;
			sourceTree = "<group>";
		};
		E74CE90425D5DD6300EF14C2 /* Assets */ = {
			isa = PBXGroup;
			children = (
				E74CE90525D5DD6300EF14C2 /* Background */,
				E74CE90725D5DD6300EF14C2 /* Buttons */,
			);
			path = Assets;
			sourceTree = "<group>";
		};
		E74CE90525D5DD6300EF14C2 /* Background */ = {
			isa = PBXGroup;
			children = (
				E74CE90625D5DD6300EF14C2 /* HUDBackground.jpg */,
			);
			path = Background;
			sourceTree = "<group>";
		};
		E74CE90725D5DD6300EF14C2 /* Buttons */ = {
			isa = PBXGroup;
			children = (
				E74CE90825D5DD6300EF14C2 /* Floor Selected.png */,
				E74CE90925D5DD6300EF14C2 /* Quick Heal.png */,
				E74CE90B25D5DD6300EF14C2 /* Mic Unmuted.png */,
				E74CE90C25D5DD6300EF14C2 /* Wall Selected.png */,
				E74CE90D25D5DD6300EF14C2 /* Jump.png */,
				E74CE90E25D5DD6300EF14C2 /* Crouch Up.png */,
				E74CE90F25D5DD6300EF14C2 /* Edit Crosshair.png */,
				E74CE91025D5DD6300EF14C2 /* Inventory.png */,
				E74CE91125D5DD6300EF14C2 /* Edit Reset.png */,
				E74CE91225D5DD6300EF14C2 /* Switch To Build.png */,
				E74CE91325D5DD6300EF14C2 /* Change Materials.png */,
				E74CE91425D5DD6300EF14C2 /* Move Joystick.png */,
				E74CE91525D5DD6300EF14C2 /* Wall Unselected.png */,
				E74CE91625D5DD6300EF14C2 /* Throw.png */,
				E74CE91725D5DD6300EF14C2 /* Pyramid Selected.png */,
				E74CE91825D5DD6300EF14C2 /* Stair Unselected.png */,
				E74CE91925D5DD6300EF14C2 /* Stair Selected.png */,
				E74CE91A25D5DD6300EF14C2 /* Move Outer.png */,
				E74CE91B25D5DD6300EF14C2 /* Reset.png */,
				E74CE91C25D5DD6300EF14C2 /* Emote Wheel.png */,
				E74CE91D25D5DD6300EF14C2 /* Use.png */,
				E74CE91F25D5DD6300EF14C2 /* Crouch Down.png */,
				E74CE92025D5DD6300EF14C2 /* Switch To Combat.png */,
				E74CE92125D5DD6300EF14C2 /* Quick Chat.png */,
				E74CE92225D5DD6300EF14C2 /* Slot 4.png */,
				E74CE92325D5DD6300EF14C2 /* Confirm.png */,
				E74CE92425D5DD6300EF14C2 /* Slot 3.png */,
				E74CE92525D5DD6300EF14C2 /* Ping.png */,
				E74CE92625D5DD6300EF14C2 /* Slot 2.png */,
				E74CE92725D5DD6300EF14C2 /* Open Chest.png */,
				E74CE92825D5DD6300EF14C2 /* Slot 1.png */,
				E74CE92925D5DD6300EF14C2 /* Exit.png */,
				E74CE92A25D5DD6300EF14C2 /* Autorun.png */,
				51894F6825EE1A2E0054EAD8 /* Rotate.png */,
				E74CE92B25D5DD6300EF14C2 /* Edit.png */,
				E74CE92C25D5DD6300EF14C2 /* Shoot Big.png */,
				E74CE92D25D5DD6300EF14C2 /* Interact.png */,
				E74CE92E25D5DD6300EF14C2 /* Mic Muted.png */,
				E74CE92F25D5DD6300EF14C2 /* Aim.png */,
				E74CE93025D5DD6300EF14C2 /* Slot Pickaxe.png */,
				E74CE93125D5DD6300EF14C2 /* Shoot.png */,
				E74CE93225D5DD6300EF14C2 /* Floor Unselected.png */,
				E74CE93325D5DD6300EF14C2 /* Cycle Weapons Down.png */,
				E74CE93425D5DD6300EF14C2 /* Pyramid Unselected.png */,
				E74CE93525D5DD6300EF14C2 /* Reload.png */,
				E74CE93625D5DD6300EF14C2 /* Repair.png */,
				E74CE93725D5DD6300EF14C2 /* Cycle Weapons Up.png */,
			);
			path = Buttons;
			sourceTree = "<group>";
		};
		E7B87E1A25338120004358E3 = {
			isa = PBXGroup;
			children = (
				E7B87E2525338121004358E3 /* Cloudy */,
				E7B87E2425338121004358E3 /* Products */,
				E7DADF5F2534423800818942 /* Frameworks */,
				CAC63E443E260BECDB6A0652 /* Pods */,
			);
			sourceTree = "<group>";
		};
		E7B87E2425338121004358E3 /* Products */ = {
			isa = PBXGroup;
			children = (
				E7B87E2325338121004358E3 /* Cloudy.app */,
			);
			name = Products;
			sourceTree = "<group>";
		};
		E7B87E2525338121004358E3 /* Cloudy */ = {
			isa = PBXGroup;
			children = (
				B68A92C425596BFB00A22D82 /* Cloudy.entitlements */,
				E7B87E3425338124004358E3 /* Info.plist */,
				44A4D58736385FBD2B75856B /* MenuViewController.swift */,
				E7B87E2A25338121004358E3 /* RootViewController.swift */,
				44A4D67F8889E455A547CB96 /* WebViewControllerBridge.swift */,
				E7B87E2F25338124004358E3 /* Assets.xcassets */,
				E712FF9725520978003CF78C /* Images.xcassets */,
				E7B87E2C25338121004358E3 /* Main.storyboard */,
				E74CE8D125D5B0D900EF14C2 /* LaunchScreen.storyboard */,
				E74CE8D525D5B0F200EF14C2 /* LaunchScreenReKairos.storyboard */,
				E798DD6A25DED38F00AF70AE /* LaunchScreenAppstore.storyboard */,
				44A4D1438C45504101E3F0F6 /* App */,
				44A4D35F4287C173F7E152C8 /* Extension */,
				44A4D54D8E4FC726157DAB44 /* Model */,
				44A4D5C66D1BB23F52E6221F /* Util */,
				44A4D16D8119944005C73DA3 /* View */,
				44A4DAAF14FE3858567A8A78 /* Service */,
				44A4D5488A9A1FADB79679F8 /* Cloudy-Bridging-Header.h */,
			);
			path = Cloudy;
			sourceTree = "<group>";
		};
		E7DADF5F2534423800818942 /* Frameworks */ = {
			isa = PBXGroup;
			children = (
				1BF8562B1619F13A7254171F /* Pods_Cloudy.framework */,
			);
			name = Frameworks;
			sourceTree = "<group>";
		};
/* End PBXGroup section */

/* Begin PBXNativeTarget section */
		E7B87E2225338121004358E3 /* Cloudy */ = {
			isa = PBXNativeTarget;
			buildConfigurationList = E7B87E3725338124004358E3 /* Build configuration list for PBXNativeTarget "Cloudy" */;
			buildPhases = (
				007DBDF5552FB30DE357DAB8 /* [CP] Check Pods Manifest.lock */,
				E7B87E1F25338121004358E3 /* Sources */,
				E7B87E2025338121004358E3 /* Frameworks */,
				E7B87E2125338121004358E3 /* Resources */,
				8877838D2666C00640B177EB /* [CP] Embed Pods Frameworks */,
				E7D0EC47254AE1B90073892F /* Crashlytics */,
			);
			buildRules = (
			);
			dependencies = (
			);
			name = Cloudy;
			productName = Cloudy;
			productReference = E7B87E2325338121004358E3 /* Cloudy.app */;
			productType = "com.apple.product-type.application";
		};
/* End PBXNativeTarget section */

/* Begin PBXProject section */
		E7B87E1B25338120004358E3 /* Project object */ = {
			isa = PBXProject;
			attributes = {
				LastSwiftUpdateCheck = 1200;
				LastUpgradeCheck = 1200;
				ORGANIZATIONNAME = Nomad5;
				TargetAttributes = {
					E7B87E2225338121004358E3 = {
						CreatedOnToolsVersion = 12.0.1;
						LastSwiftMigration = 1200;
					};
				};
			};
			buildConfigurationList = E7B87E1E25338120004358E3 /* Build configuration list for PBXProject "Cloudy" */;
			compatibilityVersion = "Xcode 12.0";
			developmentRegion = en;
			hasScannedForEncodings = 0;
			knownRegions = (
				en,
				Base,
			);
			mainGroup = E7B87E1A25338120004358E3;
			productRefGroup = E7B87E2425338121004358E3 /* Products */;
			projectDirPath = "";
			projectRoot = "";
			targets = (
				E7B87E2225338121004358E3 /* Cloudy */,
			);
		};
/* End PBXProject section */

/* Begin PBXResourcesBuildPhase section */
		E7B87E2125338121004358E3 /* Resources */ = {
			isa = PBXResourcesBuildPhase;
			buildActionMask = 2147483647;
			files = (
				E74CE94125D5DD6400EF14C2 /* Crouch Up.png in Resources */,
				E74CE94525D5DD6400EF14C2 /* Switch To Build.png in Resources */,
				E712FF9825520978003CF78C /* Images.xcassets in Resources */,
				E74CE94E25D5DD6400EF14C2 /* Reset.png in Resources */,
				E74CE96125D5DD6400EF14C2 /* Mic Muted.png in Resources */,
				E74CE95325D5DD6400EF14C2 /* Switch To Combat.png in Resources */,
				E74CE96625D5DD6400EF14C2 /* Cycle Weapons Down.png in Resources */,
				E74CE94F25D5DD6400EF14C2 /* Emote Wheel.png in Resources */,
				E74CE94C25D5DD6400EF14C2 /* Stair Selected.png in Resources */,
				E74CE96A25D5DD6400EF14C2 /* Cycle Weapons Up.png in Resources */,
				E74CE96525D5DD6400EF14C2 /* Floor Unselected.png in Resources */,
				E74CE95F25D5DD6400EF14C2 /* Shoot Big.png in Resources */,
				E74CE93E25D5DD6400EF14C2 /* Mic Unmuted.png in Resources */,
				E74CE95425D5DD6400EF14C2 /* Quick Chat.png in Resources */,
				E74CE95C25D5DD6400EF14C2 /* Exit.png in Resources */,
				E74CE94625D5DD6400EF14C2 /* Change Materials.png in Resources */,
				E74CE95A25D5DD6400EF14C2 /* Open Chest.png in Resources */,
				E74CE95B25D5DD6400EF14C2 /* Slot 1.png in Resources */,
				E74CE93A25D5DD6400EF14C2 /* HUDBackground.jpg in Resources */,
				E74CE94A25D5DD6400EF14C2 /* Pyramid Selected.png in Resources */,
				E798DD6B25DED38F00AF70AE /* LaunchScreenAppstore.storyboard in Resources */,
				E7B87E3025338124004358E3 /* Assets.xcassets in Resources */,
				E74CE95D25D5DD6400EF14C2 /* Autorun.png in Resources */,
				E74CE95E25D5DD6400EF14C2 /* Edit.png in Resources */,
				E74CE93B25D5DD6400EF14C2 /* Floor Selected.png in Resources */,
				E74CE94025D5DD6400EF14C2 /* Jump.png in Resources */,
				E74CE94D25D5DD6400EF14C2 /* Move Outer.png in Resources */,
				E7B87E2E25338121004358E3 /* Main.storyboard in Resources */,
				E74CE95925D5DD6400EF14C2 /* Slot 2.png in Resources */,
				E74CE95025D5DD6400EF14C2 /* Use.png in Resources */,
				E74CE95725D5DD6400EF14C2 /* Slot 3.png in Resources */,
				E74CE94825D5DD6400EF14C2 /* Wall Unselected.png in Resources */,
				E74CE8D625D5B0F300EF14C2 /* LaunchScreenReKairos.storyboard in Resources */,
				E74CE94225D5DD6400EF14C2 /* Edit Crosshair.png in Resources */,
				E74CE94B25D5DD6400EF14C2 /* Stair Unselected.png in Resources */,
				E74CE94425D5DD6400EF14C2 /* Edit Reset.png in Resources */,
				E74CE95525D5DD6400EF14C2 /* Slot 4.png in Resources */,
				E74CE96725D5DD6400EF14C2 /* Pyramid Unselected.png in Resources */,
				E74CE96225D5DD6400EF14C2 /* Aim.png in Resources */,
				E74CE93F25D5DD6400EF14C2 /* Wall Selected.png in Resources */,
				E74CE96325D5DD6400EF14C2 /* Slot Pickaxe.png in Resources */,
				E74CE93C25D5DD6400EF14C2 /* Quick Heal.png in Resources */,
				51894F6925EE1A2F0054EAD8 /* Rotate.png in Resources */,
				E74CE96025D5DD6400EF14C2 /* Interact.png in Resources */,
				E74CE96425D5DD6400EF14C2 /* Shoot.png in Resources */,
				E74CE8D225D5B0D900EF14C2 /* LaunchScreen.storyboard in Resources */,
				E74CE96825D5DD6400EF14C2 /* Reload.png in Resources */,
				E74CE95825D5DD6400EF14C2 /* Ping.png in Resources */,
				E74CE95625D5DD6400EF14C2 /* Confirm.png in Resources */,
				E74CE96925D5DD6400EF14C2 /* Repair.png in Resources */,
				E74CE94325D5DD6400EF14C2 /* Inventory.png in Resources */,
				E74CE94925D5DD6400EF14C2 /* Throw.png in Resources */,
				44A4D1D59DDAD23076FBC44B /* GoogleService-Info-reKairos.plist in Resources */,
				44A4D538B2EFCF7F087123F8 /* GoogleService-Info.plist in Resources */,
				E74CE95225D5DD6400EF14C2 /* Crouch Down.png in Resources */,
				E74CE94725D5DD6400EF14C2 /* Move Joystick.png in Resources */,
			);
			runOnlyForDeploymentPostprocessing = 0;
		};
/* End PBXResourcesBuildPhase section */

/* Begin PBXShellScriptBuildPhase section */
		007DBDF5552FB30DE357DAB8 /* [CP] Check Pods Manifest.lock */ = {
			isa = PBXShellScriptBuildPhase;
			buildActionMask = 2147483647;
			files = (
			);
			inputFileListPaths = (
			);
			inputPaths = (
				"${PODS_PODFILE_DIR_PATH}/Podfile.lock",
				"${PODS_ROOT}/Manifest.lock",
			);
			name = "[CP] Check Pods Manifest.lock";
			outputFileListPaths = (
			);
			outputPaths = (
				"$(DERIVED_FILE_DIR)/Pods-Cloudy-checkManifestLockResult.txt",
			);
			runOnlyForDeploymentPostprocessing = 0;
			shellPath = /bin/sh;
			shellScript = "diff \"${PODS_PODFILE_DIR_PATH}/Podfile.lock\" \"${PODS_ROOT}/Manifest.lock\" > /dev/null\nif [ $? != 0 ] ; then\n    # print error to STDERR\n    echo \"error: The sandbox is not in sync with the Podfile.lock. Run 'pod install' or update your CocoaPods installation.\" >&2\n    exit 1\nfi\n# This output is used by Xcode 'outputs' to avoid re-running this script phase.\necho \"SUCCESS\" > \"${SCRIPT_OUTPUT_FILE_0}\"\n";
			showEnvVarsInLog = 0;
		};
		8877838D2666C00640B177EB /* [CP] Embed Pods Frameworks */ = {
			isa = PBXShellScriptBuildPhase;
			buildActionMask = 2147483647;
			files = (
			);
			inputFileListPaths = (
				"${PODS_ROOT}/Target Support Files/Pods-Cloudy/Pods-Cloudy-frameworks-${CONFIGURATION}-input-files.xcfilelist",
			);
			name = "[CP] Embed Pods Frameworks";
			outputFileListPaths = (
				"${PODS_ROOT}/Target Support Files/Pods-Cloudy/Pods-Cloudy-frameworks-${CONFIGURATION}-output-files.xcfilelist",
			);
			runOnlyForDeploymentPostprocessing = 0;
			shellPath = /bin/sh;
			shellScript = "\"${PODS_ROOT}/Target Support Files/Pods-Cloudy/Pods-Cloudy-frameworks.sh\"\n";
			showEnvVarsInLog = 0;
		};
		E7D0EC47254AE1B90073892F /* Crashlytics */ = {
			isa = PBXShellScriptBuildPhase;
			buildActionMask = 2147483647;
			files = (
			);
			inputFileListPaths = (
			);
			inputPaths = (
				"${DWARF_DSYM_FOLDER_PATH}/${DWARF_DSYM_FILE_NAME}/Contents/Resources/DWARF/${TARGET_NAME}",
				"${DWARF_DSYM_FOLDER_PATH}/${DWARF_DSYM_FILE_NAME}/Contents/Resources/DWARF/${TARGET_NAME}",
			);
			name = Crashlytics;
			outputFileListPaths = (
			);
			outputPaths = (
			);
			runOnlyForDeploymentPostprocessing = 0;
			shellPath = /bin/sh;
			shellScript = "PATH_TO_GOOGLE_PLISTS=\"${PROJECT_DIR}/Cloudy/Service/Firebase/Config\"\n\ncase \"${CONFIGURATION}\" in\n\n   \"Debug\" | \"Release\" | \"Appstore\")\n        cp -r \"$PATH_TO_GOOGLE_PLISTS/GoogleService-Info.plist\" \"${BUILT_PRODUCTS_DIR}/${PRODUCT_NAME}.app/GoogleService-Info.plist\" ;;\n\n   \"reKairos Debug\" | \"reKairos Release\")\n        cp -r \"$PATH_TO_GOOGLE_PLISTS/GoogleService-Info-reKairos.plist\" \"${BUILT_PRODUCTS_DIR}/${PRODUCT_NAME}.app/GoogleService-Info.plist\" ;;\n     \n    *)\n        ;;\nesac\n\n\"${PODS_ROOT}/FirebaseCrashlytics/run\"\n";
		};
/* End PBXShellScriptBuildPhase section */

/* Begin PBXSourcesBuildPhase section */
		E7B87E1F25338121004358E3 /* Sources */ = {
			isa = PBXSourcesBuildPhase;
			buildActionMask = 2147483647;
			files = (
				E7B87E2B25338121004358E3 /* RootViewController.swift in Sources */,
				44A4D07E127721BBFE3C3EA5 /* WebViewControllerBridge.swift in Sources */,
				44A4D0FBB22CC22B053573C3 /* UIView.swift in Sources */,
				44A4DB830BC41F131E122F7C /* GameController.swift in Sources */,
				44A4D8885DB5BE5C73C9FB87 /* UserDefaults.swift in Sources */,
				44A4DD2F10965A88D83F5C0D /* SceneDelegate.swift in Sources */,
				44A4D4CD5F66196CB7AD5CB0 /* AppDelegate.swift in Sources */,
				44A4D7DCB15B8C4799D56BCA /* String.swift in Sources */,
				44A4D13A82DE5B9006FED3DC /* Navigator.swift in Sources */,
				44A4DC86DF1DDD05E6FC802A /* MenuViewController.swift in Sources */,
				44A4D3B8AE0372A4C71E32EC /* TemporarySettings.swift in Sources */,
				44A4D56785DE2ACC82B37F52 /* Log.swift in Sources */,
				44A4DCA503A87B314B8CB75A /* ButtonOptionSet.swift in Sources */,
				44A4D81D6A823FB908BCE224 /* AVFoundationVibratingFeedbackGenerator.swift in Sources */,
				E74CE93825D5DD6400EF14C2 /* FortniteHUD.swift in Sources */,
				44A4D1A9A30B84DCDD3F66C7 /* Scripts.swift in Sources */,
				44A4D667E367AB98368C36BC /* Bundle.swift in Sources */,
				44A4D20C0B0DF5819CE21F17 /* CloudyController.swift in Sources */,
				44A4D313CD82BF86B7841B19 /* Collection.swift in Sources */,
				44A4D064AE6FE05861A78C1D /* SKProduct.swift in Sources */,
				44A4D9B9C9363AC8D381F05F /* LaunchArgumentHandler.swift in Sources */,
				44A4D78B8F260ECEBBB39B4C /* FullScreenWKWebView.swift in Sources */,
				44A4DB5EF1F09B9D531A5704 /* WKUserScript.swift in Sources */,
				44A4D462F6B9BB3200645FEF /* TouchFeedbackType.swift in Sources */,
				44A4D42E63964FEAD11402C9 /* ControllerId.swift in Sources */,
				44A4DF24B14D4379ED99E351 /* Float.swift in Sources */,
				44A4D45CF453A1C25C8E4D58 /* VisibleButtons.swift in Sources */,
				44A4D0A3CE6A87FDF1D65172 /* AppAssembler.swift in Sources */,
				E71AF2EB25E2DF1900F76E5B /* FortniteHUDPositionKeys.swift in Sources */,
				44A4D0C5655A3AAE90D26CC5 /* Alerter.swift in Sources */,
				44A4D41AB05B2D2C0F2291BF /* AlerterAssembler.swift in Sources */,
				44A4DFD94292E1FAA625AFA6 /* IAPManager.swift in Sources */,
				44A4D33D3D8EA79B376D4C77 /* IAPPurchaseHelper.swift in Sources */,
				44A4D9D5DEAE1473D30142B0 /* IAPAssembler.swift in Sources */,
				44A4D2CF12CE366D45C77A41 /* FirebaseConfig.swift in Sources */,
				44A4D20D7053909BC6C118C5 /* OscExtension.swift in Sources */,
				44A4DAC8968032FDEFCB17F4 /* OscAssembler.swift in Sources */,
				44A4DAB1661E942AC658F439 /* AbsoluteTouchHandler.m in Sources */,
				44A4DA475572FF7971B7720C /* Controller.m in Sources */,
				44A4DD8DCEB85B9CB7C3D475 /* ControllerSupport.m in Sources */,
				44A4D01D4D5DEEF19A7051B5 /* HapticContext.m in Sources */,
				44A4DED2C6C4D9C412848C50 /* KeyboardSupport.m in Sources */,
				44A4D3F06DDE2512581F1F75 /* OnScreenControls.m in Sources */,
				44A4D9714275A5108D329492 /* RelativeTouchHandler.m in Sources */,
				44A4DE59FACBFBB7E4BD004D /* StreamView.m in Sources */,
				44A4D4F6D78AD1E97436E1BF /* X1Kit.swift in Sources */,
				44A4D67D7C43E9E24539DAA1 /* Limelight.m in Sources */,
				E74CE93925D5DD6400EF14C2 /* FortniteHUDCustomization.swift in Sources */,
				44A4DD866C360012F8F7EB37 /* StreamConfiguration.m in Sources */,
				44A4D53606BEC6E6AB0E3690 /* FortniteButtonType.swift in Sources */,
				44A4D6BF0996C20E4E183AFA /* AlphaTestingCALayer.swift in Sources */,
			);
			runOnlyForDeploymentPostprocessing = 0;
		};
/* End PBXSourcesBuildPhase section */

/* Begin PBXVariantGroup section */
		E7B87E2C25338121004358E3 /* Main.storyboard */ = {
			isa = PBXVariantGroup;
			children = (
				E7B87E2D25338121004358E3 /* Base */,
			);
			name = Main.storyboard;
			sourceTree = "<group>";
		};
/* End PBXVariantGroup section */

/* Begin XCBuildConfiguration section */
		E77546DA25D4722400CF54AC /* reKairos Release */ = {
			isa = XCBuildConfiguration;
			buildSettings = {
				ALWAYS_SEARCH_USER_PATHS = NO;
				CLANG_ANALYZER_NONNULL = YES;
				CLANG_ANALYZER_NUMBER_OBJECT_CONVERSION = YES_AGGRESSIVE;
				CLANG_CXX_LANGUAGE_STANDARD = "gnu++14";
				CLANG_CXX_LIBRARY = "libc++";
				CLANG_ENABLE_MODULES = YES;
				CLANG_ENABLE_OBJC_ARC = YES;
				CLANG_ENABLE_OBJC_WEAK = YES;
				CLANG_WARN_BLOCK_CAPTURE_AUTORELEASING = YES;
				CLANG_WARN_BOOL_CONVERSION = YES;
				CLANG_WARN_COMMA = YES;
				CLANG_WARN_CONSTANT_CONVERSION = YES;
				CLANG_WARN_DEPRECATED_OBJC_IMPLEMENTATIONS = YES;
				CLANG_WARN_DIRECT_OBJC_ISA_USAGE = YES_ERROR;
				CLANG_WARN_DOCUMENTATION_COMMENTS = YES;
				CLANG_WARN_EMPTY_BODY = YES;
				CLANG_WARN_ENUM_CONVERSION = YES;
				CLANG_WARN_INFINITE_RECURSION = YES;
				CLANG_WARN_INT_CONVERSION = YES;
				CLANG_WARN_NON_LITERAL_NULL_CONVERSION = YES;
				CLANG_WARN_OBJC_IMPLICIT_RETAIN_SELF = YES;
				CLANG_WARN_OBJC_LITERAL_CONVERSION = YES;
				CLANG_WARN_OBJC_ROOT_CLASS = YES_ERROR;
				CLANG_WARN_QUOTED_INCLUDE_IN_FRAMEWORK_HEADER = YES;
				CLANG_WARN_RANGE_LOOP_ANALYSIS = YES;
				CLANG_WARN_STRICT_PROTOTYPES = YES;
				CLANG_WARN_SUSPICIOUS_MOVE = YES;
				CLANG_WARN_UNGUARDED_AVAILABILITY = YES_AGGRESSIVE;
				CLANG_WARN_UNREACHABLE_CODE = YES;
				CLANG_WARN__DUPLICATE_METHOD_MATCH = YES;
				COPY_PHASE_STRIP = NO;
				DEBUG_INFORMATION_FORMAT = "dwarf-with-dsym";
				ENABLE_NS_ASSERTIONS = NO;
				ENABLE_STRICT_OBJC_MSGSEND = YES;
				"EXCLUDED_ARCHS[sdk=iphonesimulator*]" = arm64;
				GCC_C_LANGUAGE_STANDARD = gnu11;
				GCC_NO_COMMON_BLOCKS = YES;
				GCC_PREPROCESSOR_DEFINITIONS = NON_APPSTORE;
				GCC_WARN_64_TO_32_BIT_CONVERSION = YES;
				GCC_WARN_ABOUT_RETURN_TYPE = YES_ERROR;
				GCC_WARN_UNDECLARED_SELECTOR = YES;
				GCC_WARN_UNINITIALIZED_AUTOS = YES_AGGRESSIVE;
				GCC_WARN_UNUSED_FUNCTION = YES;
				GCC_WARN_UNUSED_VARIABLE = YES;
				IPHONEOS_DEPLOYMENT_TARGET = 14.0;
				MTL_ENABLE_DEBUG_INFO = NO;
				MTL_FAST_MATH = YES;
				SDKROOT = iphoneos;
				SWIFT_COMPILATION_MODE = wholemodule;
				SWIFT_OBJC_BRIDGING_HEADER = "Cloudy/Cloudy-Bridging-Header.h";
				SWIFT_OPTIMIZATION_LEVEL = "-O";
				VALIDATE_PRODUCT = YES;
			};
			name = "reKairos Release";
		};
		E77546DB25D4722400CF54AC /* reKairos Release */ = {
			isa = XCBuildConfiguration;
			baseConfigurationReference = F5F1C5404C2A26CEE2BEB564 /* Pods-Cloudy.rekairos release.xcconfig */;
			buildSettings = {
				ASSETCATALOG_COMPILER_APPICON_NAME = AppIconNonAppstore;
				ASSETCATALOG_COMPILER_GLOBAL_ACCENT_COLOR_NAME = AccentColor;
				CLANG_ENABLE_MODULES = YES;
				CODE_SIGN_ENTITLEMENTS = Cloudy/Cloudy.entitlements;
				CODE_SIGN_IDENTITY = "Apple Development";
				CODE_SIGN_STYLE = Automatic;
				CURRENT_PROJECT_VERSION = 0;
				DEBUG_INFORMATION_FORMAT = "dwarf-with-dsym";
				DEVELOPMENT_TEAM = E4H6XCERNK;
				FIREBASE_CONFIG = "GoogleService-Info-reKairos";
				FRAMEWORK_SEARCH_PATHS = "$(inherited)";
				INFOPLIST_FILE = Cloudy/Info.plist;
				IPHONEOS_DEPLOYMENT_TARGET = 14.0;
				LAUNCH_SCREEN_NAME = LaunchScreen;
				LD_RUNPATH_SEARCH_PATHS = (
					"$(inherited)",
					"@executable_path/Frameworks",
				);
				MARKETING_VERSION = 2.6.0;
				OTHER_SWIFT_FLAGS = "-DNON_APPSTORE -DREKAIROS";
				PRODUCT_BUNDLE_IDENTIFIER = com.liberty.reKairos;
				PRODUCT_MODULE_NAME = Cloudy;
				PRODUCT_NAME = reKairos;
				PROVISIONING_PROFILE_SPECIFIER = "";
				SUPPORTS_MACCATALYST = NO;
				SWIFT_VERSION = 5.0;
				TARGETED_DEVICE_FAMILY = "1,2";
			};
			name = "reKairos Release";
		};
		E77546DC25D4739500CF54AC /* reKairos Debug */ = {
			isa = XCBuildConfiguration;
			buildSettings = {
				ALWAYS_SEARCH_USER_PATHS = NO;
				CLANG_ANALYZER_NONNULL = YES;
				CLANG_ANALYZER_NUMBER_OBJECT_CONVERSION = YES_AGGRESSIVE;
				CLANG_CXX_LANGUAGE_STANDARD = "gnu++14";
				CLANG_CXX_LIBRARY = "libc++";
				CLANG_ENABLE_MODULES = YES;
				CLANG_ENABLE_OBJC_ARC = YES;
				CLANG_ENABLE_OBJC_WEAK = YES;
				CLANG_WARN_BLOCK_CAPTURE_AUTORELEASING = YES;
				CLANG_WARN_BOOL_CONVERSION = YES;
				CLANG_WARN_COMMA = YES;
				CLANG_WARN_CONSTANT_CONVERSION = YES;
				CLANG_WARN_DEPRECATED_OBJC_IMPLEMENTATIONS = YES;
				CLANG_WARN_DIRECT_OBJC_ISA_USAGE = YES_ERROR;
				CLANG_WARN_DOCUMENTATION_COMMENTS = YES;
				CLANG_WARN_EMPTY_BODY = YES;
				CLANG_WARN_ENUM_CONVERSION = YES;
				CLANG_WARN_INFINITE_RECURSION = YES;
				CLANG_WARN_INT_CONVERSION = YES;
				CLANG_WARN_NON_LITERAL_NULL_CONVERSION = YES;
				CLANG_WARN_OBJC_IMPLICIT_RETAIN_SELF = YES;
				CLANG_WARN_OBJC_LITERAL_CONVERSION = YES;
				CLANG_WARN_OBJC_ROOT_CLASS = YES_ERROR;
				CLANG_WARN_QUOTED_INCLUDE_IN_FRAMEWORK_HEADER = YES;
				CLANG_WARN_RANGE_LOOP_ANALYSIS = YES;
				CLANG_WARN_STRICT_PROTOTYPES = YES;
				CLANG_WARN_SUSPICIOUS_MOVE = YES;
				CLANG_WARN_UNGUARDED_AVAILABILITY = YES_AGGRESSIVE;
				CLANG_WARN_UNREACHABLE_CODE = YES;
				CLANG_WARN__DUPLICATE_METHOD_MATCH = YES;
				COPY_PHASE_STRIP = NO;
				DEBUG_INFORMATION_FORMAT = dwarf;
				ENABLE_STRICT_OBJC_MSGSEND = YES;
				ENABLE_TESTABILITY = YES;
				"EXCLUDED_ARCHS[sdk=iphonesimulator*]" = arm64;
				GCC_C_LANGUAGE_STANDARD = gnu11;
				GCC_DYNAMIC_NO_PIC = NO;
				GCC_NO_COMMON_BLOCKS = YES;
				GCC_OPTIMIZATION_LEVEL = 0;
				GCC_PREPROCESSOR_DEFINITIONS = (
					"DEBUG=1",
					"$(inherited)",
					NON_APPSTORE,
				);
				GCC_WARN_64_TO_32_BIT_CONVERSION = YES;
				GCC_WARN_ABOUT_RETURN_TYPE = YES_ERROR;
				GCC_WARN_UNDECLARED_SELECTOR = YES;
				GCC_WARN_UNINITIALIZED_AUTOS = YES_AGGRESSIVE;
				GCC_WARN_UNUSED_FUNCTION = YES;
				GCC_WARN_UNUSED_VARIABLE = YES;
				IPHONEOS_DEPLOYMENT_TARGET = 14.0;
				MTL_ENABLE_DEBUG_INFO = INCLUDE_SOURCE;
				MTL_FAST_MATH = YES;
				ONLY_ACTIVE_ARCH = YES;
				SDKROOT = iphoneos;
				SWIFT_ACTIVE_COMPILATION_CONDITIONS = DEBUG;
				SWIFT_OBJC_BRIDGING_HEADER = "Cloudy/Cloudy-Bridging-Header.h";
				SWIFT_OPTIMIZATION_LEVEL = "-Onone";
			};
			name = "reKairos Debug";
		};
		E77546DD25D4739500CF54AC /* reKairos Debug */ = {
			isa = XCBuildConfiguration;
			baseConfigurationReference = 79E113C5587D0E3EF509C81C /* Pods-Cloudy.rekairos debug.xcconfig */;
			buildSettings = {
				ASSETCATALOG_COMPILER_APPICON_NAME = AppIconNonAppstore;
				ASSETCATALOG_COMPILER_GLOBAL_ACCENT_COLOR_NAME = AccentColor;
				CLANG_ENABLE_MODULES = YES;
				CODE_SIGN_ENTITLEMENTS = Cloudy/Cloudy.entitlements;
				CODE_SIGN_IDENTITY = "Apple Development";
				CODE_SIGN_STYLE = Automatic;
				CURRENT_PROJECT_VERSION = 0;
				DEBUG_INFORMATION_FORMAT = "dwarf-with-dsym";
				DEVELOPMENT_TEAM = E4H6XCERNK;
				FIREBASE_CONFIG = "GoogleService-Info-reKairos";
				FRAMEWORK_SEARCH_PATHS = "$(inherited)";
				INFOPLIST_FILE = Cloudy/Info.plist;
				IPHONEOS_DEPLOYMENT_TARGET = 14.0;
				LAUNCH_SCREEN_NAME = LaunchScreen;
				LD_RUNPATH_SEARCH_PATHS = (
					"$(inherited)",
					"@executable_path/Frameworks",
				);
				MARKETING_VERSION = 2.6.0;
				OTHER_SWIFT_FLAGS = "-DNON_APPSTORE -DREKAIROS";
				PRODUCT_BUNDLE_IDENTIFIER = com.liberty.reKairos;
				PRODUCT_MODULE_NAME = Cloudy;
				PRODUCT_NAME = reKairos;
				PROVISIONING_PROFILE_SPECIFIER = "";
				SUPPORTS_MACCATALYST = NO;
				SWIFT_OPTIMIZATION_LEVEL = "-Onone";
				SWIFT_VERSION = 5.0;
				TARGETED_DEVICE_FAMILY = "1,2";
			};
			name = "reKairos Debug";
		};
		E7B87E3525338124004358E3 /* Debug */ = {
			isa = XCBuildConfiguration;
			buildSettings = {
				ALWAYS_SEARCH_USER_PATHS = NO;
				CLANG_ANALYZER_NONNULL = YES;
				CLANG_ANALYZER_NUMBER_OBJECT_CONVERSION = YES_AGGRESSIVE;
				CLANG_CXX_LANGUAGE_STANDARD = "gnu++14";
				CLANG_CXX_LIBRARY = "libc++";
				CLANG_ENABLE_MODULES = YES;
				CLANG_ENABLE_OBJC_ARC = YES;
				CLANG_ENABLE_OBJC_WEAK = YES;
				CLANG_WARN_BLOCK_CAPTURE_AUTORELEASING = YES;
				CLANG_WARN_BOOL_CONVERSION = YES;
				CLANG_WARN_COMMA = YES;
				CLANG_WARN_CONSTANT_CONVERSION = YES;
				CLANG_WARN_DEPRECATED_OBJC_IMPLEMENTATIONS = YES;
				CLANG_WARN_DIRECT_OBJC_ISA_USAGE = YES_ERROR;
				CLANG_WARN_DOCUMENTATION_COMMENTS = YES;
				CLANG_WARN_EMPTY_BODY = YES;
				CLANG_WARN_ENUM_CONVERSION = YES;
				CLANG_WARN_INFINITE_RECURSION = YES;
				CLANG_WARN_INT_CONVERSION = YES;
				CLANG_WARN_NON_LITERAL_NULL_CONVERSION = YES;
				CLANG_WARN_OBJC_IMPLICIT_RETAIN_SELF = YES;
				CLANG_WARN_OBJC_LITERAL_CONVERSION = YES;
				CLANG_WARN_OBJC_ROOT_CLASS = YES_ERROR;
				CLANG_WARN_QUOTED_INCLUDE_IN_FRAMEWORK_HEADER = YES;
				CLANG_WARN_RANGE_LOOP_ANALYSIS = YES;
				CLANG_WARN_STRICT_PROTOTYPES = YES;
				CLANG_WARN_SUSPICIOUS_MOVE = YES;
				CLANG_WARN_UNGUARDED_AVAILABILITY = YES_AGGRESSIVE;
				CLANG_WARN_UNREACHABLE_CODE = YES;
				CLANG_WARN__DUPLICATE_METHOD_MATCH = YES;
				COPY_PHASE_STRIP = NO;
				DEBUG_INFORMATION_FORMAT = dwarf;
				ENABLE_STRICT_OBJC_MSGSEND = YES;
				ENABLE_TESTABILITY = YES;
				"EXCLUDED_ARCHS[sdk=iphonesimulator*]" = arm64;
				GCC_C_LANGUAGE_STANDARD = gnu11;
				GCC_DYNAMIC_NO_PIC = NO;
				GCC_NO_COMMON_BLOCKS = YES;
				GCC_OPTIMIZATION_LEVEL = 0;
				GCC_PREPROCESSOR_DEFINITIONS = (
					"DEBUG=1",
					"$(inherited)",
					NON_APPSTORE,
				);
				GCC_WARN_64_TO_32_BIT_CONVERSION = YES;
				GCC_WARN_ABOUT_RETURN_TYPE = YES_ERROR;
				GCC_WARN_UNDECLARED_SELECTOR = YES;
				GCC_WARN_UNINITIALIZED_AUTOS = YES_AGGRESSIVE;
				GCC_WARN_UNUSED_FUNCTION = YES;
				GCC_WARN_UNUSED_VARIABLE = YES;
				IPHONEOS_DEPLOYMENT_TARGET = 14.0;
				MTL_ENABLE_DEBUG_INFO = INCLUDE_SOURCE;
				MTL_FAST_MATH = YES;
				ONLY_ACTIVE_ARCH = YES;
				SDKROOT = iphoneos;
				SWIFT_ACTIVE_COMPILATION_CONDITIONS = DEBUG;
				SWIFT_OBJC_BRIDGING_HEADER = "Cloudy/Cloudy-Bridging-Header.h";
				SWIFT_OPTIMIZATION_LEVEL = "-Onone";
			};
			name = Debug;
		};
		E7B87E3625338124004358E3 /* Release */ = {
			isa = XCBuildConfiguration;
			buildSettings = {
				ALWAYS_SEARCH_USER_PATHS = NO;
				CLANG_ANALYZER_NONNULL = YES;
				CLANG_ANALYZER_NUMBER_OBJECT_CONVERSION = YES_AGGRESSIVE;
				CLANG_CXX_LANGUAGE_STANDARD = "gnu++14";
				CLANG_CXX_LIBRARY = "libc++";
				CLANG_ENABLE_MODULES = YES;
				CLANG_ENABLE_OBJC_ARC = YES;
				CLANG_ENABLE_OBJC_WEAK = YES;
				CLANG_WARN_BLOCK_CAPTURE_AUTORELEASING = YES;
				CLANG_WARN_BOOL_CONVERSION = YES;
				CLANG_WARN_COMMA = YES;
				CLANG_WARN_CONSTANT_CONVERSION = YES;
				CLANG_WARN_DEPRECATED_OBJC_IMPLEMENTATIONS = YES;
				CLANG_WARN_DIRECT_OBJC_ISA_USAGE = YES_ERROR;
				CLANG_WARN_DOCUMENTATION_COMMENTS = YES;
				CLANG_WARN_EMPTY_BODY = YES;
				CLANG_WARN_ENUM_CONVERSION = YES;
				CLANG_WARN_INFINITE_RECURSION = YES;
				CLANG_WARN_INT_CONVERSION = YES;
				CLANG_WARN_NON_LITERAL_NULL_CONVERSION = YES;
				CLANG_WARN_OBJC_IMPLICIT_RETAIN_SELF = YES;
				CLANG_WARN_OBJC_LITERAL_CONVERSION = YES;
				CLANG_WARN_OBJC_ROOT_CLASS = YES_ERROR;
				CLANG_WARN_QUOTED_INCLUDE_IN_FRAMEWORK_HEADER = YES;
				CLANG_WARN_RANGE_LOOP_ANALYSIS = YES;
				CLANG_WARN_STRICT_PROTOTYPES = YES;
				CLANG_WARN_SUSPICIOUS_MOVE = YES;
				CLANG_WARN_UNGUARDED_AVAILABILITY = YES_AGGRESSIVE;
				CLANG_WARN_UNREACHABLE_CODE = YES;
				CLANG_WARN__DUPLICATE_METHOD_MATCH = YES;
				COPY_PHASE_STRIP = NO;
				DEBUG_INFORMATION_FORMAT = "dwarf-with-dsym";
				ENABLE_NS_ASSERTIONS = NO;
				ENABLE_STRICT_OBJC_MSGSEND = YES;
				"EXCLUDED_ARCHS[sdk=iphonesimulator*]" = arm64;
				GCC_C_LANGUAGE_STANDARD = gnu11;
				GCC_NO_COMMON_BLOCKS = YES;
				GCC_PREPROCESSOR_DEFINITIONS = NON_APPSTORE;
				GCC_WARN_64_TO_32_BIT_CONVERSION = YES;
				GCC_WARN_ABOUT_RETURN_TYPE = YES_ERROR;
				GCC_WARN_UNDECLARED_SELECTOR = YES;
				GCC_WARN_UNINITIALIZED_AUTOS = YES_AGGRESSIVE;
				GCC_WARN_UNUSED_FUNCTION = YES;
				GCC_WARN_UNUSED_VARIABLE = YES;
				IPHONEOS_DEPLOYMENT_TARGET = 14.0;
				MTL_ENABLE_DEBUG_INFO = NO;
				MTL_FAST_MATH = YES;
				SDKROOT = iphoneos;
				SWIFT_COMPILATION_MODE = wholemodule;
				SWIFT_OBJC_BRIDGING_HEADER = "Cloudy/Cloudy-Bridging-Header.h";
				SWIFT_OPTIMIZATION_LEVEL = "-O";
				VALIDATE_PRODUCT = YES;
			};
			name = Release;
		};
		E7B87E3825338124004358E3 /* Debug */ = {
			isa = XCBuildConfiguration;
			baseConfigurationReference = B42B0FEC073AD10E0FCA6CF1 /* Pods-Cloudy.debug.xcconfig */;
			buildSettings = {
				ASSETCATALOG_COMPILER_APPICON_NAME = AppIconNonAppstore;
				ASSETCATALOG_COMPILER_GLOBAL_ACCENT_COLOR_NAME = AccentColor;
				CLANG_ENABLE_MODULES = YES;
				CODE_SIGN_ENTITLEMENTS = Cloudy/Cloudy.entitlements;
				CODE_SIGN_IDENTITY = "Apple Development";
				CODE_SIGN_STYLE = Automatic;
				CURRENT_PROJECT_VERSION = 0;
				DEBUG_INFORMATION_FORMAT = "dwarf-with-dsym";
				DEVELOPMENT_TEAM = E4H6XCERNK;
				FIREBASE_CONFIG = "GoogleService-Info";
				FRAMEWORK_SEARCH_PATHS = "$(inherited)";
				INFOPLIST_FILE = Cloudy/Info.plist;
				IPHONEOS_DEPLOYMENT_TARGET = 14.0;
				LAUNCH_SCREEN_NAME = LaunchScreen;
				LD_RUNPATH_SEARCH_PATHS = (
					"$(inherited)",
					"@executable_path/Frameworks",
				);
				MARKETING_VERSION = 2.6.0;
				OTHER_SWIFT_FLAGS = "-DNON_APPSTORE";
				PRODUCT_BUNDLE_IDENTIFIER = com.nomad5.Cloudy;
				PRODUCT_MODULE_NAME = Cloudy;
				PRODUCT_NAME = Cloudy;
				PROVISIONING_PROFILE_SPECIFIER = "";
				SUPPORTS_MACCATALYST = NO;
				SWIFT_OPTIMIZATION_LEVEL = "-Onone";
				SWIFT_VERSION = 5.0;
				TARGETED_DEVICE_FAMILY = "1,2";
			};
			name = Debug;
		};
		E7B87E3925338124004358E3 /* Release */ = {
			isa = XCBuildConfiguration;
			baseConfigurationReference = 79B35440DA7901C4949EFDC7 /* Pods-Cloudy.release.xcconfig */;
			buildSettings = {
				ASSETCATALOG_COMPILER_APPICON_NAME = AppIconNonAppstore;
				ASSETCATALOG_COMPILER_GLOBAL_ACCENT_COLOR_NAME = AccentColor;
				CLANG_ENABLE_MODULES = YES;
				CODE_SIGN_ENTITLEMENTS = Cloudy/Cloudy.entitlements;
				CODE_SIGN_IDENTITY = "Apple Development";
				CODE_SIGN_STYLE = Automatic;
				CURRENT_PROJECT_VERSION = 0;
				DEBUG_INFORMATION_FORMAT = "dwarf-with-dsym";
				DEVELOPMENT_TEAM = E4H6XCERNK;
				FIREBASE_CONFIG = "GoogleService-Info";
				FRAMEWORK_SEARCH_PATHS = "$(inherited)";
				INFOPLIST_FILE = Cloudy/Info.plist;
				IPHONEOS_DEPLOYMENT_TARGET = 14.0;
				LAUNCH_SCREEN_NAME = LaunchScreen;
				LD_RUNPATH_SEARCH_PATHS = (
					"$(inherited)",
					"@executable_path/Frameworks",
				);
				MARKETING_VERSION = 2.6.0;
				OTHER_SWIFT_FLAGS = "-DNON_APPSTORE";
				PRODUCT_BUNDLE_IDENTIFIER = com.nomad5.Cloudy;
				PRODUCT_MODULE_NAME = Cloudy;
				PRODUCT_NAME = Cloudy;
				PROVISIONING_PROFILE_SPECIFIER = "";
				SUPPORTS_MACCATALYST = NO;
				SWIFT_VERSION = 5.0;
				TARGETED_DEVICE_FAMILY = "1,2";
			};
			name = Release;
		};
		E7FAE326259A7B810024FDD5 /* Appstore */ = {
			isa = XCBuildConfiguration;
			buildSettings = {
				ALWAYS_SEARCH_USER_PATHS = NO;
				CLANG_ANALYZER_NONNULL = YES;
				CLANG_ANALYZER_NUMBER_OBJECT_CONVERSION = YES_AGGRESSIVE;
				CLANG_CXX_LANGUAGE_STANDARD = "gnu++14";
				CLANG_CXX_LIBRARY = "libc++";
				CLANG_ENABLE_MODULES = YES;
				CLANG_ENABLE_OBJC_ARC = YES;
				CLANG_ENABLE_OBJC_WEAK = YES;
				CLANG_WARN_BLOCK_CAPTURE_AUTORELEASING = YES;
				CLANG_WARN_BOOL_CONVERSION = YES;
				CLANG_WARN_COMMA = YES;
				CLANG_WARN_CONSTANT_CONVERSION = YES;
				CLANG_WARN_DEPRECATED_OBJC_IMPLEMENTATIONS = YES;
				CLANG_WARN_DIRECT_OBJC_ISA_USAGE = YES_ERROR;
				CLANG_WARN_DOCUMENTATION_COMMENTS = YES;
				CLANG_WARN_EMPTY_BODY = YES;
				CLANG_WARN_ENUM_CONVERSION = YES;
				CLANG_WARN_INFINITE_RECURSION = YES;
				CLANG_WARN_INT_CONVERSION = YES;
				CLANG_WARN_NON_LITERAL_NULL_CONVERSION = YES;
				CLANG_WARN_OBJC_IMPLICIT_RETAIN_SELF = YES;
				CLANG_WARN_OBJC_LITERAL_CONVERSION = YES;
				CLANG_WARN_OBJC_ROOT_CLASS = YES_ERROR;
				CLANG_WARN_QUOTED_INCLUDE_IN_FRAMEWORK_HEADER = YES;
				CLANG_WARN_RANGE_LOOP_ANALYSIS = YES;
				CLANG_WARN_STRICT_PROTOTYPES = YES;
				CLANG_WARN_SUSPICIOUS_MOVE = YES;
				CLANG_WARN_UNGUARDED_AVAILABILITY = YES_AGGRESSIVE;
				CLANG_WARN_UNREACHABLE_CODE = YES;
				CLANG_WARN__DUPLICATE_METHOD_MATCH = YES;
				COPY_PHASE_STRIP = NO;
				DEBUG_INFORMATION_FORMAT = "dwarf-with-dsym";
				ENABLE_NS_ASSERTIONS = NO;
				ENABLE_STRICT_OBJC_MSGSEND = YES;
				"EXCLUDED_ARCHS[sdk=iphonesimulator*]" = arm64;
				GCC_C_LANGUAGE_STANDARD = gnu11;
				GCC_NO_COMMON_BLOCKS = YES;
				GCC_PREPROCESSOR_DEFINITIONS = APPSTORE;
				GCC_WARN_64_TO_32_BIT_CONVERSION = YES;
				GCC_WARN_ABOUT_RETURN_TYPE = YES_ERROR;
				GCC_WARN_UNDECLARED_SELECTOR = YES;
				GCC_WARN_UNINITIALIZED_AUTOS = YES_AGGRESSIVE;
				GCC_WARN_UNUSED_FUNCTION = YES;
				GCC_WARN_UNUSED_VARIABLE = YES;
				IPHONEOS_DEPLOYMENT_TARGET = 14.0;
				MTL_ENABLE_DEBUG_INFO = NO;
				MTL_FAST_MATH = YES;
				SDKROOT = iphoneos;
				SWIFT_COMPILATION_MODE = wholemodule;
				SWIFT_OBJC_BRIDGING_HEADER = "Cloudy/Cloudy-Bridging-Header.h";
				SWIFT_OPTIMIZATION_LEVEL = "-O";
				VALIDATE_PRODUCT = YES;
			};
			name = Appstore;
		};
		E7FAE327259A7B810024FDD5 /* Appstore */ = {
			isa = XCBuildConfiguration;
			baseConfigurationReference = 8C777E5DB6AA0540BAAEE53E /* Pods-Cloudy.appstore.xcconfig */;
			buildSettings = {
				ASSETCATALOG_COMPILER_APPICON_NAME = AppIcon;
				ASSETCATALOG_COMPILER_GLOBAL_ACCENT_COLOR_NAME = AccentColor;
				CLANG_ENABLE_MODULES = YES;
				CODE_SIGN_ENTITLEMENTS = Cloudy/Cloudy.entitlements;
				CODE_SIGN_IDENTITY = "Apple Development";
				CODE_SIGN_STYLE = Automatic;
				CURRENT_PROJECT_VERSION = 0;
				DEBUG_INFORMATION_FORMAT = "dwarf-with-dsym";
				DEVELOPMENT_TEAM = E4H6XCERNK;
				FIREBASE_CONFIG = "GoogleService-Info";
				FRAMEWORK_SEARCH_PATHS = "$(inherited)";
				INFOPLIST_FILE = Cloudy/Info.plist;
				IPHONEOS_DEPLOYMENT_TARGET = 14.0;
				LAUNCH_SCREEN_NAME = LaunchScreenAppstore;
				LD_RUNPATH_SEARCH_PATHS = (
					"$(inherited)",
					"@executable_path/Frameworks",
				);
				MARKETING_VERSION = 2.6.0;
				OTHER_SWIFT_FLAGS = "-DAPPSTORE";
				PRODUCT_BUNDLE_IDENTIFIER = com.nomad5.Cloudy;
				PRODUCT_MODULE_NAME = Cloudy;
				PRODUCT_NAME = Cloudy;
				PROVISIONING_PROFILE_SPECIFIER = "";
				SUPPORTS_MACCATALYST = NO;
				SWIFT_VERSION = 5.0;
				TARGETED_DEVICE_FAMILY = "1,2";
			};
			name = Appstore;
		};
/* End XCBuildConfiguration section */

/* Begin XCConfigurationList section */
		E7B87E1E25338120004358E3 /* Build configuration list for PBXProject "Cloudy" */ = {
			isa = XCConfigurationList;
			buildConfigurations = (
				E7B87E3525338124004358E3 /* Debug */,
				E77546DC25D4739500CF54AC /* reKairos Debug */,
				E7B87E3625338124004358E3 /* Release */,
				E77546DA25D4722400CF54AC /* reKairos Release */,
				E7FAE326259A7B810024FDD5 /* Appstore */,
			);
			defaultConfigurationIsVisible = 0;
			defaultConfigurationName = Release;
		};
		E7B87E3725338124004358E3 /* Build configuration list for PBXNativeTarget "Cloudy" */ = {
			isa = XCConfigurationList;
			buildConfigurations = (
				E7B87E3825338124004358E3 /* Debug */,
				E77546DD25D4739500CF54AC /* reKairos Debug */,
				E7B87E3925338124004358E3 /* Release */,
				E77546DB25D4722400CF54AC /* reKairos Release */,
				E7FAE327259A7B810024FDD5 /* Appstore */,
			);
			defaultConfigurationIsVisible = 0;
			defaultConfigurationName = Release;
		};
/* End XCConfigurationList section */
	};
	rootObject = E7B87E1B25338120004358E3 /* Project object */;
}
